// !$*UTF8*$!
{
	archiveVersion = 1;
	classes = {
	};
	objectVersion = 46;
	objects = {

/* Begin PBXBuildFile section */
		0CE4E1F1234ED78D00114287 /* Console.swift in Sources */ = {isa = PBXBuildFile; fileRef = 0CE4E1F0234ED78C00114287 /* Console.swift */; };
		D7BEC82B22B9222800A8F48B /* TextDocument.swift in Sources */ = {isa = PBXBuildFile; fileRef = D7BEC82922B921FB00A8F48B /* TextDocument.swift */; };
		OBJ_112 /* Package.swift in Sources */ = {isa = PBXBuildFile; fileRef = OBJ_6 /* Package.swift */; };
		OBJ_117 /* Core.swift in Sources */ = {isa = PBXBuildFile; fileRef = OBJ_16 /* Core.swift */; };
		OBJ_118 /* Document.swift in Sources */ = {isa = PBXBuildFile; fileRef = OBJ_17 /* Document.swift */; };
		OBJ_119 /* File.swift in Sources */ = {isa = PBXBuildFile; fileRef = OBJ_18 /* File.swift */; };
		OBJ_120 /* Folder.swift in Sources */ = {isa = PBXBuildFile; fileRef = OBJ_19 /* Folder.swift */; };
		OBJ_121 /* Plugin.swift in Sources */ = {isa = PBXBuildFile; fileRef = OBJ_20 /* Plugin.swift */; };
		OBJ_122 /* Project.swift in Sources */ = {isa = PBXBuildFile; fileRef = OBJ_21 /* Project.swift */; };
		OBJ_123 /* NSViewController.swift in Sources */ = {isa = PBXBuildFile; fileRef = OBJ_23 /* NSViewController.swift */; };
		OBJ_124 /* XibView.swift in Sources */ = {isa = PBXBuildFile; fileRef = OBJ_24 /* XibView.swift */; };
		OBJ_125 /* Workbench.swift in Sources */ = {isa = PBXBuildFile; fileRef = OBJ_25 /* Workbench.swift */; };
		OBJ_127 /* Yams.framework in Frameworks */ = {isa = PBXBuildFile; fileRef = "Yams::Yams::Product" /* Yams.framework */; };
		OBJ_128 /* CYaml.framework in Frameworks */ = {isa = PBXBuildFile; fileRef = "Yams::CYaml::Product" /* CYaml.framework */; };
		OBJ_129 /* Path.framework in Frameworks */ = {isa = PBXBuildFile; fileRef = "Path.swift::Path::Product" /* Path.framework */; };
		OBJ_138 /* Package.swift in Sources */ = {isa = PBXBuildFile; fileRef = OBJ_26 /* Package.swift */; };
		OBJ_143 /* Extensions.swift in Sources */ = {isa = PBXBuildFile; fileRef = OBJ_59 /* Extensions.swift */; };
		OBJ_144 /* Path+Attributes.swift in Sources */ = {isa = PBXBuildFile; fileRef = OBJ_60 /* Path+Attributes.swift */; };
		OBJ_145 /* Path+Codable.swift in Sources */ = {isa = PBXBuildFile; fileRef = OBJ_61 /* Path+Codable.swift */; };
		OBJ_146 /* Path+CommonDirectories.swift in Sources */ = {isa = PBXBuildFile; fileRef = OBJ_62 /* Path+CommonDirectories.swift */; };
		OBJ_147 /* Path+FileManager.swift in Sources */ = {isa = PBXBuildFile; fileRef = OBJ_63 /* Path+FileManager.swift */; };
		OBJ_148 /* Path+StringConvertibles.swift in Sources */ = {isa = PBXBuildFile; fileRef = OBJ_64 /* Path+StringConvertibles.swift */; };
		OBJ_149 /* Path+ls.swift in Sources */ = {isa = PBXBuildFile; fileRef = OBJ_65 /* Path+ls.swift */; };
		OBJ_150 /* Path->Bool.swift in Sources */ = {isa = PBXBuildFile; fileRef = OBJ_66 /* Path->Bool.swift */; };
		OBJ_151 /* Path.swift in Sources */ = {isa = PBXBuildFile; fileRef = OBJ_67 /* Path.swift */; };
		OBJ_158 /* Package.swift in Sources */ = {isa = PBXBuildFile; fileRef = OBJ_58 /* Package.swift */; };
		OBJ_163 /* Constructor.swift in Sources */ = {isa = PBXBuildFile; fileRef = OBJ_40 /* Constructor.swift */; };
		OBJ_164 /* Decoder.swift in Sources */ = {isa = PBXBuildFile; fileRef = OBJ_41 /* Decoder.swift */; };
		OBJ_165 /* Emitter.swift in Sources */ = {isa = PBXBuildFile; fileRef = OBJ_42 /* Emitter.swift */; };
		OBJ_166 /* Encoder.swift in Sources */ = {isa = PBXBuildFile; fileRef = OBJ_43 /* Encoder.swift */; };
		OBJ_167 /* Mark.swift in Sources */ = {isa = PBXBuildFile; fileRef = OBJ_44 /* Mark.swift */; };
		OBJ_168 /* Node.Mapping.swift in Sources */ = {isa = PBXBuildFile; fileRef = OBJ_45 /* Node.Mapping.swift */; };
		OBJ_169 /* Node.Scalar.swift in Sources */ = {isa = PBXBuildFile; fileRef = OBJ_46 /* Node.Scalar.swift */; };
		OBJ_170 /* Node.Sequence.swift in Sources */ = {isa = PBXBuildFile; fileRef = OBJ_47 /* Node.Sequence.swift */; };
		OBJ_171 /* Node.swift in Sources */ = {isa = PBXBuildFile; fileRef = OBJ_48 /* Node.swift */; };
		OBJ_172 /* Parser.swift in Sources */ = {isa = PBXBuildFile; fileRef = OBJ_49 /* Parser.swift */; };
		OBJ_173 /* Representer.swift in Sources */ = {isa = PBXBuildFile; fileRef = OBJ_50 /* Representer.swift */; };
		OBJ_174 /* Resolver.swift in Sources */ = {isa = PBXBuildFile; fileRef = OBJ_51 /* Resolver.swift */; };
		OBJ_175 /* String+Yams.swift in Sources */ = {isa = PBXBuildFile; fileRef = OBJ_52 /* String+Yams.swift */; };
		OBJ_176 /* Tag.swift in Sources */ = {isa = PBXBuildFile; fileRef = OBJ_53 /* Tag.swift */; };
		OBJ_177 /* YamlError.swift in Sources */ = {isa = PBXBuildFile; fileRef = OBJ_54 /* YamlError.swift */; };
		OBJ_178 /* shim.swift in Sources */ = {isa = PBXBuildFile; fileRef = OBJ_55 /* shim.swift */; };
		OBJ_180 /* CYaml.framework in Frameworks */ = {isa = PBXBuildFile; fileRef = "Yams::CYaml::Product" /* CYaml.framework */; };
		OBJ_187 /* Package.swift in Sources */ = {isa = PBXBuildFile; fileRef = OBJ_56 /* Package.swift */; };
		OBJ_79 /* api.c in Sources */ = {isa = PBXBuildFile; fileRef = OBJ_30 /* api.c */; };
		OBJ_80 /* emitter.c in Sources */ = {isa = PBXBuildFile; fileRef = OBJ_31 /* emitter.c */; };
		OBJ_81 /* parser.c in Sources */ = {isa = PBXBuildFile; fileRef = OBJ_32 /* parser.c */; };
		OBJ_82 /* reader.c in Sources */ = {isa = PBXBuildFile; fileRef = OBJ_33 /* reader.c */; };
		OBJ_83 /* scanner.c in Sources */ = {isa = PBXBuildFile; fileRef = OBJ_34 /* scanner.c */; };
		OBJ_84 /* writer.c in Sources */ = {isa = PBXBuildFile; fileRef = OBJ_35 /* writer.c */; };
		OBJ_86 /* CYaml.h in Headers */ = {isa = PBXBuildFile; fileRef = OBJ_37 /* CYaml.h */; settings = {ATTRIBUTES = (Public, ); }; };
		OBJ_87 /* yaml.h in Headers */ = {isa = PBXBuildFile; fileRef = OBJ_38 /* yaml.h */; settings = {ATTRIBUTES = (Public, ); }; };
		OBJ_94 /* TextDocumentDelegate.swift in Sources */ = {isa = PBXBuildFile; fileRef = OBJ_11 /* TextDocumentDelegate.swift */; };
		OBJ_96 /* NimbleCore.framework in Frameworks */ = {isa = PBXBuildFile; fileRef = "NimbleCore::NimbleCore::Product" /* NimbleCore.framework */; };
		OBJ_97 /* Yams.framework in Frameworks */ = {isa = PBXBuildFile; fileRef = "Yams::Yams::Product" /* Yams.framework */; };
		OBJ_98 /* CYaml.framework in Frameworks */ = {isa = PBXBuildFile; fileRef = "Yams::CYaml::Product" /* CYaml.framework */; };
		OBJ_99 /* Path.framework in Frameworks */ = {isa = PBXBuildFile; fileRef = "Path.swift::Path::Product" /* Path.framework */; };
/* End PBXBuildFile section */

/* Begin PBXContainerItemProxy section */
		D7BEC81822B917B700A8F48B /* PBXContainerItemProxy */ = {
			isa = PBXContainerItemProxy;
			containerPortal = OBJ_1 /* Project object */;
			proxyType = 1;
			remoteGlobalIDString = "NimbleCore::NimbleCore";
			remoteInfo = NimbleCore;
		};
		D7BEC81922B917B700A8F48B /* PBXContainerItemProxy */ = {
			isa = PBXContainerItemProxy;
			containerPortal = OBJ_1 /* Project object */;
			proxyType = 1;
			remoteGlobalIDString = "Yams::Yams";
			remoteInfo = Yams;
		};
		D7BEC81A22B917B700A8F48B /* PBXContainerItemProxy */ = {
			isa = PBXContainerItemProxy;
			containerPortal = OBJ_1 /* Project object */;
			proxyType = 1;
			remoteGlobalIDString = "Yams::CYaml";
			remoteInfo = CYaml;
		};
		D7BEC81B22B917B700A8F48B /* PBXContainerItemProxy */ = {
			isa = PBXContainerItemProxy;
			containerPortal = OBJ_1 /* Project object */;
			proxyType = 1;
			remoteGlobalIDString = "Yams::CYaml";
			remoteInfo = CYaml;
		};
		D7BEC81C22B917B700A8F48B /* PBXContainerItemProxy */ = {
			isa = PBXContainerItemProxy;
			containerPortal = OBJ_1 /* Project object */;
			proxyType = 1;
			remoteGlobalIDString = "Path.swift::Path";
			remoteInfo = Path;
		};
		D7BEC81D22B917B700A8F48B /* PBXContainerItemProxy */ = {
			isa = PBXContainerItemProxy;
			containerPortal = OBJ_1 /* Project object */;
			proxyType = 1;
			remoteGlobalIDString = "Yams::Yams";
			remoteInfo = Yams;
		};
		D7BEC81E22B917B700A8F48B /* PBXContainerItemProxy */ = {
			isa = PBXContainerItemProxy;
			containerPortal = OBJ_1 /* Project object */;
			proxyType = 1;
			remoteGlobalIDString = "Yams::CYaml";
			remoteInfo = CYaml;
		};
		D7BEC81F22B917B700A8F48B /* PBXContainerItemProxy */ = {
			isa = PBXContainerItemProxy;
			containerPortal = OBJ_1 /* Project object */;
			proxyType = 1;
			remoteGlobalIDString = "Path.swift::Path";
			remoteInfo = Path;
		};
/* End PBXContainerItemProxy section */

/* Begin PBXFileReference section */
		0CE4E1F0234ED78C00114287 /* Console.swift */ = {isa = PBXFileReference; lastKnownFileType = sourcecode.swift; path = Console.swift; sourceTree = "<group>"; };
		"CodeEditorCore::CodeEditorCore::Product" /* CodeEditorCore.framework */ = {isa = PBXFileReference; lastKnownFileType = wrapper.framework; path = CodeEditorCore.framework; sourceTree = BUILT_PRODUCTS_DIR; };
		D7BEC82922B921FB00A8F48B /* TextDocument.swift */ = {isa = PBXFileReference; lastKnownFileType = sourcecode.swift; path = TextDocument.swift; sourceTree = "<group>"; };
		"NimbleCore::NimbleCore::Product" /* NimbleCore.framework */ = {isa = PBXFileReference; explicitFileType = wrapper.framework; path = NimbleCore.framework; sourceTree = BUILT_PRODUCTS_DIR; };
		OBJ_11 /* TextDocumentDelegate.swift */ = {isa = PBXFileReference; lastKnownFileType = sourcecode.swift; path = TextDocumentDelegate.swift; sourceTree = "<group>"; };
		OBJ_16 /* Core.swift */ = {isa = PBXFileReference; lastKnownFileType = sourcecode.swift; path = Core.swift; sourceTree = "<group>"; };
		OBJ_17 /* Document.swift */ = {isa = PBXFileReference; lastKnownFileType = sourcecode.swift; path = Document.swift; sourceTree = "<group>"; };
		OBJ_18 /* File.swift */ = {isa = PBXFileReference; lastKnownFileType = sourcecode.swift; path = File.swift; sourceTree = "<group>"; };
		OBJ_19 /* Folder.swift */ = {isa = PBXFileReference; lastKnownFileType = sourcecode.swift; path = Folder.swift; sourceTree = "<group>"; };
		OBJ_20 /* Plugin.swift */ = {isa = PBXFileReference; lastKnownFileType = sourcecode.swift; path = Plugin.swift; sourceTree = "<group>"; };
		OBJ_21 /* Project.swift */ = {isa = PBXFileReference; lastKnownFileType = sourcecode.swift; path = Project.swift; sourceTree = "<group>"; };
		OBJ_23 /* NSViewController.swift */ = {isa = PBXFileReference; lastKnownFileType = sourcecode.swift; path = NSViewController.swift; sourceTree = "<group>"; };
		OBJ_24 /* XibView.swift */ = {isa = PBXFileReference; lastKnownFileType = sourcecode.swift; path = XibView.swift; sourceTree = "<group>"; };
		OBJ_25 /* Workbench.swift */ = {isa = PBXFileReference; lastKnownFileType = sourcecode.swift; path = Workbench.swift; sourceTree = "<group>"; };
		OBJ_26 /* Package.swift */ = {isa = PBXFileReference; explicitFileType = sourcecode.swift; name = Package.swift; path = /Users/markin/Projects/scade/Nimble/Core/Package.swift; sourceTree = "<group>"; };
		OBJ_30 /* api.c */ = {isa = PBXFileReference; lastKnownFileType = sourcecode.c.c; path = api.c; sourceTree = "<group>"; };
		OBJ_31 /* emitter.c */ = {isa = PBXFileReference; lastKnownFileType = sourcecode.c.c; path = emitter.c; sourceTree = "<group>"; };
		OBJ_32 /* parser.c */ = {isa = PBXFileReference; lastKnownFileType = sourcecode.c.c; path = parser.c; sourceTree = "<group>"; };
		OBJ_33 /* reader.c */ = {isa = PBXFileReference; lastKnownFileType = sourcecode.c.c; path = reader.c; sourceTree = "<group>"; };
		OBJ_34 /* scanner.c */ = {isa = PBXFileReference; lastKnownFileType = sourcecode.c.c; path = scanner.c; sourceTree = "<group>"; };
		OBJ_35 /* writer.c */ = {isa = PBXFileReference; lastKnownFileType = sourcecode.c.c; path = writer.c; sourceTree = "<group>"; };
		OBJ_37 /* CYaml.h */ = {isa = PBXFileReference; lastKnownFileType = sourcecode.c.h; path = CYaml.h; sourceTree = "<group>"; };
		OBJ_38 /* yaml.h */ = {isa = PBXFileReference; lastKnownFileType = sourcecode.c.h; path = yaml.h; sourceTree = "<group>"; };
		OBJ_40 /* Constructor.swift */ = {isa = PBXFileReference; lastKnownFileType = sourcecode.swift; path = Constructor.swift; sourceTree = "<group>"; };
		OBJ_41 /* Decoder.swift */ = {isa = PBXFileReference; lastKnownFileType = sourcecode.swift; path = Decoder.swift; sourceTree = "<group>"; };
		OBJ_42 /* Emitter.swift */ = {isa = PBXFileReference; lastKnownFileType = sourcecode.swift; path = Emitter.swift; sourceTree = "<group>"; };
		OBJ_43 /* Encoder.swift */ = {isa = PBXFileReference; lastKnownFileType = sourcecode.swift; path = Encoder.swift; sourceTree = "<group>"; };
		OBJ_44 /* Mark.swift */ = {isa = PBXFileReference; lastKnownFileType = sourcecode.swift; path = Mark.swift; sourceTree = "<group>"; };
		OBJ_45 /* Node.Mapping.swift */ = {isa = PBXFileReference; lastKnownFileType = sourcecode.swift; path = Node.Mapping.swift; sourceTree = "<group>"; };
		OBJ_46 /* Node.Scalar.swift */ = {isa = PBXFileReference; lastKnownFileType = sourcecode.swift; path = Node.Scalar.swift; sourceTree = "<group>"; };
		OBJ_47 /* Node.Sequence.swift */ = {isa = PBXFileReference; lastKnownFileType = sourcecode.swift; path = Node.Sequence.swift; sourceTree = "<group>"; };
		OBJ_48 /* Node.swift */ = {isa = PBXFileReference; lastKnownFileType = sourcecode.swift; path = Node.swift; sourceTree = "<group>"; };
		OBJ_49 /* Parser.swift */ = {isa = PBXFileReference; lastKnownFileType = sourcecode.swift; path = Parser.swift; sourceTree = "<group>"; };
		OBJ_50 /* Representer.swift */ = {isa = PBXFileReference; lastKnownFileType = sourcecode.swift; path = Representer.swift; sourceTree = "<group>"; };
		OBJ_51 /* Resolver.swift */ = {isa = PBXFileReference; lastKnownFileType = sourcecode.swift; path = Resolver.swift; sourceTree = "<group>"; };
		OBJ_52 /* String+Yams.swift */ = {isa = PBXFileReference; lastKnownFileType = sourcecode.swift; path = "String+Yams.swift"; sourceTree = "<group>"; };
		OBJ_53 /* Tag.swift */ = {isa = PBXFileReference; lastKnownFileType = sourcecode.swift; path = Tag.swift; sourceTree = "<group>"; };
		OBJ_54 /* YamlError.swift */ = {isa = PBXFileReference; lastKnownFileType = sourcecode.swift; path = YamlError.swift; sourceTree = "<group>"; };
		OBJ_55 /* shim.swift */ = {isa = PBXFileReference; lastKnownFileType = sourcecode.swift; path = shim.swift; sourceTree = "<group>"; };
		OBJ_56 /* Package.swift */ = {isa = PBXFileReference; explicitFileType = sourcecode.swift; name = Package.swift; path = /Users/markin/Projects/scade/Nimble/Plugins/CodeEditor/Core/.build/checkouts/Yams/Package.swift; sourceTree = "<group>"; };
		OBJ_58 /* Package.swift */ = {isa = PBXFileReference; explicitFileType = sourcecode.swift; name = Package.swift; path = /Users/markin/Projects/scade/Nimble/Plugins/CodeEditor/Core/.build/checkouts/Path.swift/Package.swift; sourceTree = "<group>"; };
		OBJ_59 /* Extensions.swift */ = {isa = PBXFileReference; lastKnownFileType = sourcecode.swift; path = Extensions.swift; sourceTree = "<group>"; };
		OBJ_6 /* Package.swift */ = {isa = PBXFileReference; explicitFileType = sourcecode.swift; path = Package.swift; sourceTree = "<group>"; };
		OBJ_60 /* Path+Attributes.swift */ = {isa = PBXFileReference; lastKnownFileType = sourcecode.swift; path = "Path+Attributes.swift"; sourceTree = "<group>"; };
		OBJ_61 /* Path+Codable.swift */ = {isa = PBXFileReference; lastKnownFileType = sourcecode.swift; path = "Path+Codable.swift"; sourceTree = "<group>"; };
		OBJ_62 /* Path+CommonDirectories.swift */ = {isa = PBXFileReference; lastKnownFileType = sourcecode.swift; path = "Path+CommonDirectories.swift"; sourceTree = "<group>"; };
		OBJ_63 /* Path+FileManager.swift */ = {isa = PBXFileReference; lastKnownFileType = sourcecode.swift; path = "Path+FileManager.swift"; sourceTree = "<group>"; };
		OBJ_64 /* Path+StringConvertibles.swift */ = {isa = PBXFileReference; lastKnownFileType = sourcecode.swift; path = "Path+StringConvertibles.swift"; sourceTree = "<group>"; };
		OBJ_65 /* Path+ls.swift */ = {isa = PBXFileReference; lastKnownFileType = sourcecode.swift; path = "Path+ls.swift"; sourceTree = "<group>"; };
		OBJ_66 /* Path->Bool.swift */ = {isa = PBXFileReference; lastKnownFileType = sourcecode.swift; path = "Path->Bool.swift"; sourceTree = "<group>"; };
		OBJ_67 /* Path.swift */ = {isa = PBXFileReference; lastKnownFileType = sourcecode.swift; path = Path.swift; sourceTree = "<group>"; };
		OBJ_8 /* Plugin.xcconfig */ = {isa = PBXFileReference; lastKnownFileType = text.xcconfig; name = Plugin.xcconfig; path = ../../Plugin.xcconfig; sourceTree = "<group>"; };
		"Path.swift::Path::Product" /* Path.framework */ = {isa = PBXFileReference; explicitFileType = wrapper.framework; path = Path.framework; sourceTree = BUILT_PRODUCTS_DIR; };
		"Yams::CYaml::Product" /* CYaml.framework */ = {isa = PBXFileReference; explicitFileType = wrapper.framework; path = CYaml.framework; sourceTree = BUILT_PRODUCTS_DIR; };
		"Yams::Yams::Product" /* Yams.framework */ = {isa = PBXFileReference; explicitFileType = wrapper.framework; path = Yams.framework; sourceTree = BUILT_PRODUCTS_DIR; };
/* End PBXFileReference section */

/* Begin PBXFrameworksBuildPhase section */
		OBJ_126 /* Frameworks */ = {
			isa = PBXFrameworksBuildPhase;
			buildActionMask = 0;
			files = (
				OBJ_127 /* Yams.framework in Frameworks */,
				OBJ_128 /* CYaml.framework in Frameworks */,
				OBJ_129 /* Path.framework in Frameworks */,
			);
			runOnlyForDeploymentPostprocessing = 0;
		};
		OBJ_152 /* Frameworks */ = {
			isa = PBXFrameworksBuildPhase;
			buildActionMask = 0;
			files = (
			);
			runOnlyForDeploymentPostprocessing = 0;
		};
		OBJ_179 /* Frameworks */ = {
			isa = PBXFrameworksBuildPhase;
			buildActionMask = 0;
			files = (
				OBJ_180 /* CYaml.framework in Frameworks */,
			);
			runOnlyForDeploymentPostprocessing = 0;
		};
		OBJ_88 /* Frameworks */ = {
			isa = PBXFrameworksBuildPhase;
			buildActionMask = 0;
			files = (
			);
			runOnlyForDeploymentPostprocessing = 0;
		};
		OBJ_95 /* Frameworks */ = {
			isa = PBXFrameworksBuildPhase;
			buildActionMask = 0;
			files = (
				OBJ_96 /* NimbleCore.framework in Frameworks */,
				OBJ_97 /* Yams.framework in Frameworks */,
				OBJ_98 /* CYaml.framework in Frameworks */,
				OBJ_99 /* Path.framework in Frameworks */,
			);
			runOnlyForDeploymentPostprocessing = 0;
		};
/* End PBXFrameworksBuildPhase section */

/* Begin PBXGroup section */
		OBJ_10 /* CodeEditorCore */ = {
			isa = PBXGroup;
			children = (
				D7BEC82922B921FB00A8F48B /* TextDocument.swift */,
				OBJ_11 /* TextDocumentDelegate.swift */,
			);
			name = CodeEditorCore;
			path = Sources/CodeEditorCore;
			sourceTree = SOURCE_ROOT;
		};
		OBJ_12 /* Tests */ = {
			isa = PBXGroup;
			children = (
			);
			name = Tests;
			sourceTree = SOURCE_ROOT;
		};
		OBJ_13 /* Dependencies */ = {
			isa = PBXGroup;
			children = (
				OBJ_14 /* NimbleCore */,
				OBJ_27 /* Yams 1.0.2 */,
				OBJ_57 /* Path.swift 0.16.2 */,
			);
			name = Dependencies;
			sourceTree = "<group>";
		};
		OBJ_14 /* NimbleCore */ = {
			isa = PBXGroup;
			children = (
				OBJ_15 /* NimbleCore */,
				OBJ_26 /* Package.swift */,
			);
			name = NimbleCore;
			sourceTree = SOURCE_ROOT;
		};
		OBJ_15 /* NimbleCore */ = {
			isa = PBXGroup;
			children = (
				0CE4E1F0234ED78C00114287 /* Console.swift */,
				OBJ_16 /* Core.swift */,
				OBJ_17 /* Document.swift */,
				OBJ_18 /* File.swift */,
				OBJ_19 /* Folder.swift */,
				OBJ_20 /* Plugin.swift */,
				OBJ_21 /* Project.swift */,
				OBJ_22 /* UI */,
				OBJ_25 /* Workbench.swift */,
			);
			name = NimbleCore;
			path = ../../../Core/Sources/NimbleCore;
			sourceTree = SOURCE_ROOT;
		};
		OBJ_22 /* UI */ = {
			isa = PBXGroup;
			children = (
				OBJ_23 /* NSViewController.swift */,
				OBJ_24 /* XibView.swift */,
			);
			path = UI;
			sourceTree = "<group>";
		};
		OBJ_27 /* Yams 1.0.2 */ = {
			isa = PBXGroup;
			children = (
				OBJ_28 /* CYaml */,
				OBJ_39 /* Yams */,
				OBJ_56 /* Package.swift */,
			);
			name = "Yams 1.0.2";
			sourceTree = SOURCE_ROOT;
		};
		OBJ_28 /* CYaml */ = {
			isa = PBXGroup;
			children = (
				OBJ_29 /* src */,
				OBJ_36 /* include */,
			);
			name = CYaml;
			path = .build/checkouts/Yams/Sources/CYaml;
			sourceTree = SOURCE_ROOT;
		};
		OBJ_29 /* src */ = {
			isa = PBXGroup;
			children = (
				OBJ_30 /* api.c */,
				OBJ_31 /* emitter.c */,
				OBJ_32 /* parser.c */,
				OBJ_33 /* reader.c */,
				OBJ_34 /* scanner.c */,
				OBJ_35 /* writer.c */,
			);
			path = src;
			sourceTree = "<group>";
		};
		OBJ_36 /* include */ = {
			isa = PBXGroup;
			children = (
				OBJ_37 /* CYaml.h */,
				OBJ_38 /* yaml.h */,
			);
			path = include;
			sourceTree = "<group>";
		};
		OBJ_39 /* Yams */ = {
			isa = PBXGroup;
			children = (
				OBJ_40 /* Constructor.swift */,
				OBJ_41 /* Decoder.swift */,
				OBJ_42 /* Emitter.swift */,
				OBJ_43 /* Encoder.swift */,
				OBJ_44 /* Mark.swift */,
				OBJ_45 /* Node.Mapping.swift */,
				OBJ_46 /* Node.Scalar.swift */,
				OBJ_47 /* Node.Sequence.swift */,
				OBJ_48 /* Node.swift */,
				OBJ_49 /* Parser.swift */,
				OBJ_50 /* Representer.swift */,
				OBJ_51 /* Resolver.swift */,
				OBJ_52 /* String+Yams.swift */,
				OBJ_53 /* Tag.swift */,
				OBJ_54 /* YamlError.swift */,
				OBJ_55 /* shim.swift */,
			);
			name = Yams;
			path = .build/checkouts/Yams/Sources/Yams;
			sourceTree = SOURCE_ROOT;
		};
		OBJ_5 = {
			isa = PBXGroup;
			children = (
				OBJ_6 /* Package.swift */,
				OBJ_7 /* Configs */,
				OBJ_9 /* Sources */,
				OBJ_12 /* Tests */,
				OBJ_13 /* Dependencies */,
				OBJ_68 /* Products */,
			);
			sourceTree = "<group>";
		};
		OBJ_57 /* Path.swift 0.16.2 */ = {
			isa = PBXGroup;
			children = (
				OBJ_58 /* Package.swift */,
				OBJ_59 /* Extensions.swift */,
				OBJ_60 /* Path+Attributes.swift */,
				OBJ_61 /* Path+Codable.swift */,
				OBJ_62 /* Path+CommonDirectories.swift */,
				OBJ_63 /* Path+FileManager.swift */,
				OBJ_64 /* Path+StringConvertibles.swift */,
				OBJ_65 /* Path+ls.swift */,
				OBJ_66 /* Path->Bool.swift */,
				OBJ_67 /* Path.swift */,
			);
			name = "Path.swift 0.16.2";
			path = .build/checkouts/Path.swift/Sources;
			sourceTree = SOURCE_ROOT;
		};
		OBJ_68 /* Products */ = {
			isa = PBXGroup;
			children = (
				"Path.swift::Path::Product" /* Path.framework */,
				"NimbleCore::NimbleCore::Product" /* NimbleCore.framework */,
				"Yams::CYaml::Product" /* CYaml.framework */,
				"Yams::Yams::Product" /* Yams.framework */,
				"CodeEditorCore::CodeEditorCore::Product" /* CodeEditorCore.framework */,
			);
			name = Products;
			sourceTree = BUILT_PRODUCTS_DIR;
		};
		OBJ_7 /* Configs */ = {
			isa = PBXGroup;
			children = (
				OBJ_8 /* Plugin.xcconfig */,
			);
			name = Configs;
			sourceTree = "<group>";
		};
		OBJ_9 /* Sources */ = {
			isa = PBXGroup;
			children = (
				OBJ_10 /* CodeEditorCore */,
			);
			name = Sources;
			sourceTree = SOURCE_ROOT;
		};
/* End PBXGroup section */

/* Begin PBXHeadersBuildPhase section */
		OBJ_85 /* Headers */ = {
			isa = PBXHeadersBuildPhase;
			buildActionMask = 0;
			files = (
				OBJ_86 /* CYaml.h in Headers */,
				OBJ_87 /* yaml.h in Headers */,
			);
			runOnlyForDeploymentPostprocessing = 0;
		};
/* End PBXHeadersBuildPhase section */

/* Begin PBXNativeTarget section */
		"CodeEditorCore::CodeEditorCore" /* CodeEditorCore */ = {
			isa = PBXNativeTarget;
			buildConfigurationList = OBJ_90 /* Build configuration list for PBXNativeTarget "CodeEditorCore" */;
			buildPhases = (
				OBJ_93 /* Sources */,
				OBJ_95 /* Frameworks */,
			);
			buildRules = (
			);
			dependencies = (
				OBJ_100 /* PBXTargetDependency */,
				OBJ_102 /* PBXTargetDependency */,
				OBJ_104 /* PBXTargetDependency */,
				OBJ_105 /* PBXTargetDependency */,
			);
			name = CodeEditorCore;
			productName = CodeEditorCore;
			productReference = "CodeEditorCore::CodeEditorCore::Product" /* CodeEditorCore.framework */;
			productType = "com.apple.product-type.framework";
		};
		"CodeEditorCore::SwiftPMPackageDescription" /* CodeEditorCorePackageDescription */ = {
			isa = PBXNativeTarget;
			buildConfigurationList = OBJ_108 /* Build configuration list for PBXNativeTarget "CodeEditorCorePackageDescription" */;
			buildPhases = (
				OBJ_111 /* Sources */,
			);
			buildRules = (
			);
			dependencies = (
			);
			name = CodeEditorCorePackageDescription;
			productName = CodeEditorCorePackageDescription;
			productType = "com.apple.product-type.framework";
		};
		"NimbleCore::NimbleCore" /* NimbleCore */ = {
			isa = PBXNativeTarget;
			buildConfigurationList = OBJ_113 /* Build configuration list for PBXNativeTarget "NimbleCore" */;
			buildPhases = (
				OBJ_116 /* Sources */,
				OBJ_126 /* Frameworks */,
			);
			buildRules = (
			);
			dependencies = (
				OBJ_130 /* PBXTargetDependency */,
				OBJ_131 /* PBXTargetDependency */,
				OBJ_132 /* PBXTargetDependency */,
			);
			name = NimbleCore;
			productName = NimbleCore;
			productReference = "NimbleCore::NimbleCore::Product" /* NimbleCore.framework */;
			productType = "com.apple.product-type.framework";
		};
		"NimbleCore::SwiftPMPackageDescription" /* NimbleCorePackageDescription */ = {
			isa = PBXNativeTarget;
			buildConfigurationList = OBJ_134 /* Build configuration list for PBXNativeTarget "NimbleCorePackageDescription" */;
			buildPhases = (
				OBJ_137 /* Sources */,
			);
			buildRules = (
			);
			dependencies = (
			);
			name = NimbleCorePackageDescription;
			productName = NimbleCorePackageDescription;
			productType = "com.apple.product-type.framework";
		};
		"Path.swift::Path" /* Path */ = {
			isa = PBXNativeTarget;
			buildConfigurationList = OBJ_139 /* Build configuration list for PBXNativeTarget "Path" */;
			buildPhases = (
				OBJ_142 /* Sources */,
				OBJ_152 /* Frameworks */,
			);
			buildRules = (
			);
			dependencies = (
			);
			name = Path;
			productName = Path;
			productReference = "Path.swift::Path::Product" /* Path.framework */;
			productType = "com.apple.product-type.framework";
		};
		"Path.swift::SwiftPMPackageDescription" /* Path.swiftPackageDescription */ = {
			isa = PBXNativeTarget;
			buildConfigurationList = OBJ_154 /* Build configuration list for PBXNativeTarget "Path.swiftPackageDescription" */;
			buildPhases = (
				OBJ_157 /* Sources */,
			);
			buildRules = (
			);
			dependencies = (
			);
			name = Path.swiftPackageDescription;
			productName = Path.swiftPackageDescription;
			productType = "com.apple.product-type.framework";
		};
		"Yams::CYaml" /* CYaml */ = {
			isa = PBXNativeTarget;
			buildConfigurationList = OBJ_75 /* Build configuration list for PBXNativeTarget "CYaml" */;
			buildPhases = (
				OBJ_78 /* Sources */,
				OBJ_85 /* Headers */,
				OBJ_88 /* Frameworks */,
			);
			buildRules = (
			);
			dependencies = (
			);
			name = CYaml;
			productName = CYaml;
			productReference = "Yams::CYaml::Product" /* CYaml.framework */;
			productType = "com.apple.product-type.framework";
		};
		"Yams::SwiftPMPackageDescription" /* YamsPackageDescription */ = {
			isa = PBXNativeTarget;
			buildConfigurationList = OBJ_183 /* Build configuration list for PBXNativeTarget "YamsPackageDescription" */;
			buildPhases = (
				OBJ_186 /* Sources */,
			);
			buildRules = (
			);
			dependencies = (
			);
			name = YamsPackageDescription;
			productName = YamsPackageDescription;
			productType = "com.apple.product-type.framework";
		};
		"Yams::Yams" /* Yams */ = {
			isa = PBXNativeTarget;
			buildConfigurationList = OBJ_159 /* Build configuration list for PBXNativeTarget "Yams" */;
			buildPhases = (
				OBJ_162 /* Sources */,
				OBJ_179 /* Frameworks */,
			);
			buildRules = (
			);
			dependencies = (
				OBJ_181 /* PBXTargetDependency */,
			);
			name = Yams;
			productName = Yams;
			productReference = "Yams::Yams::Product" /* Yams.framework */;
			productType = "com.apple.product-type.framework";
		};
/* End PBXNativeTarget section */

/* Begin PBXProject section */
		OBJ_1 /* Project object */ = {
			isa = PBXProject;
			attributes = {
				LastSwiftMigration = 9999;
				LastUpgradeCheck = 9999;
				TargetAttributes = {
					"Yams::CYaml" = {
						LastSwiftMigration = 1020;
					};
				};
			};
			buildConfigurationList = OBJ_2 /* Build configuration list for PBXProject "CodeEditorCore" */;
			compatibilityVersion = "Xcode 3.2";
			developmentRegion = English;
			hasScannedForEncodings = 0;
			knownRegions = (
				English,
				en,
			);
			mainGroup = OBJ_5;
			productRefGroup = OBJ_68 /* Products */;
			projectDirPath = "";
			projectRoot = "";
			targets = (
				"Yams::CYaml" /* CYaml */,
				"CodeEditorCore::CodeEditorCore" /* CodeEditorCore */,
				"CodeEditorCore::SwiftPMPackageDescription" /* CodeEditorCorePackageDescription */,
				"NimbleCore::NimbleCore" /* NimbleCore */,
				"NimbleCore::SwiftPMPackageDescription" /* NimbleCorePackageDescription */,
				"Path.swift::Path" /* Path */,
				"Path.swift::SwiftPMPackageDescription" /* Path.swiftPackageDescription */,
				"Yams::Yams" /* Yams */,
				"Yams::SwiftPMPackageDescription" /* YamsPackageDescription */,
			);
		};
/* End PBXProject section */

/* Begin PBXSourcesBuildPhase section */
		OBJ_111 /* Sources */ = {
			isa = PBXSourcesBuildPhase;
			buildActionMask = 0;
			files = (
				OBJ_112 /* Package.swift in Sources */,
			);
			runOnlyForDeploymentPostprocessing = 0;
		};
		OBJ_116 /* Sources */ = {
			isa = PBXSourcesBuildPhase;
			buildActionMask = 0;
			files = (
				0CE4E1F1234ED78D00114287 /* Console.swift in Sources */,
				OBJ_117 /* Core.swift in Sources */,
				OBJ_118 /* Document.swift in Sources */,
				OBJ_119 /* File.swift in Sources */,
				OBJ_120 /* Folder.swift in Sources */,
				OBJ_121 /* Plugin.swift in Sources */,
				OBJ_122 /* Project.swift in Sources */,
				OBJ_123 /* NSViewController.swift in Sources */,
				OBJ_124 /* XibView.swift in Sources */,
				OBJ_125 /* Workbench.swift in Sources */,
			);
			runOnlyForDeploymentPostprocessing = 0;
		};
		OBJ_137 /* Sources */ = {
			isa = PBXSourcesBuildPhase;
			buildActionMask = 0;
			files = (
				OBJ_138 /* Package.swift in Sources */,
			);
			runOnlyForDeploymentPostprocessing = 0;
		};
		OBJ_142 /* Sources */ = {
			isa = PBXSourcesBuildPhase;
			buildActionMask = 0;
			files = (
				OBJ_143 /* Extensions.swift in Sources */,
				OBJ_144 /* Path+Attributes.swift in Sources */,
				OBJ_145 /* Path+Codable.swift in Sources */,
				OBJ_146 /* Path+CommonDirectories.swift in Sources */,
				OBJ_147 /* Path+FileManager.swift in Sources */,
				OBJ_148 /* Path+StringConvertibles.swift in Sources */,
				OBJ_149 /* Path+ls.swift in Sources */,
				OBJ_150 /* Path->Bool.swift in Sources */,
				OBJ_151 /* Path.swift in Sources */,
			);
			runOnlyForDeploymentPostprocessing = 0;
		};
		OBJ_157 /* Sources */ = {
			isa = PBXSourcesBuildPhase;
			buildActionMask = 0;
			files = (
				OBJ_158 /* Package.swift in Sources */,
			);
			runOnlyForDeploymentPostprocessing = 0;
		};
		OBJ_162 /* Sources */ = {
			isa = PBXSourcesBuildPhase;
			buildActionMask = 0;
			files = (
				OBJ_163 /* Constructor.swift in Sources */,
				OBJ_164 /* Decoder.swift in Sources */,
				OBJ_165 /* Emitter.swift in Sources */,
				OBJ_166 /* Encoder.swift in Sources */,
				OBJ_167 /* Mark.swift in Sources */,
				OBJ_168 /* Node.Mapping.swift in Sources */,
				OBJ_169 /* Node.Scalar.swift in Sources */,
				OBJ_170 /* Node.Sequence.swift in Sources */,
				OBJ_171 /* Node.swift in Sources */,
				OBJ_172 /* Parser.swift in Sources */,
				OBJ_173 /* Representer.swift in Sources */,
				OBJ_174 /* Resolver.swift in Sources */,
				OBJ_175 /* String+Yams.swift in Sources */,
				OBJ_176 /* Tag.swift in Sources */,
				OBJ_177 /* YamlError.swift in Sources */,
				OBJ_178 /* shim.swift in Sources */,
			);
			runOnlyForDeploymentPostprocessing = 0;
		};
		OBJ_186 /* Sources */ = {
			isa = PBXSourcesBuildPhase;
			buildActionMask = 0;
			files = (
				OBJ_187 /* Package.swift in Sources */,
			);
			runOnlyForDeploymentPostprocessing = 0;
		};
		OBJ_78 /* Sources */ = {
			isa = PBXSourcesBuildPhase;
			buildActionMask = 0;
			files = (
				OBJ_79 /* api.c in Sources */,
				OBJ_80 /* emitter.c in Sources */,
				OBJ_81 /* parser.c in Sources */,
				OBJ_82 /* reader.c in Sources */,
				OBJ_83 /* scanner.c in Sources */,
				OBJ_84 /* writer.c in Sources */,
			);
			runOnlyForDeploymentPostprocessing = 0;
		};
		OBJ_93 /* Sources */ = {
			isa = PBXSourcesBuildPhase;
			buildActionMask = 0;
			files = (
				OBJ_94 /* TextDocumentDelegate.swift in Sources */,
				D7BEC82B22B9222800A8F48B /* TextDocument.swift in Sources */,
			);
			runOnlyForDeploymentPostprocessing = 0;
		};
/* End PBXSourcesBuildPhase section */

/* Begin PBXTargetDependency section */
		OBJ_100 /* PBXTargetDependency */ = {
			isa = PBXTargetDependency;
			target = "NimbleCore::NimbleCore" /* NimbleCore */;
			targetProxy = D7BEC81822B917B700A8F48B /* PBXContainerItemProxy */;
		};
		OBJ_102 /* PBXTargetDependency */ = {
			isa = PBXTargetDependency;
			target = "Yams::Yams" /* Yams */;
			targetProxy = D7BEC81D22B917B700A8F48B /* PBXContainerItemProxy */;
		};
		OBJ_104 /* PBXTargetDependency */ = {
			isa = PBXTargetDependency;
			target = "Yams::CYaml" /* CYaml */;
			targetProxy = D7BEC81E22B917B700A8F48B /* PBXContainerItemProxy */;
		};
		OBJ_105 /* PBXTargetDependency */ = {
			isa = PBXTargetDependency;
			target = "Path.swift::Path" /* Path */;
			targetProxy = D7BEC81F22B917B700A8F48B /* PBXContainerItemProxy */;
		};
		OBJ_130 /* PBXTargetDependency */ = {
			isa = PBXTargetDependency;
			target = "Yams::Yams" /* Yams */;
			targetProxy = D7BEC81922B917B700A8F48B /* PBXContainerItemProxy */;
		};
		OBJ_131 /* PBXTargetDependency */ = {
			isa = PBXTargetDependency;
			target = "Yams::CYaml" /* CYaml */;
			targetProxy = D7BEC81B22B917B700A8F48B /* PBXContainerItemProxy */;
		};
		OBJ_132 /* PBXTargetDependency */ = {
			isa = PBXTargetDependency;
			target = "Path.swift::Path" /* Path */;
			targetProxy = D7BEC81C22B917B700A8F48B /* PBXContainerItemProxy */;
		};
		OBJ_181 /* PBXTargetDependency */ = {
			isa = PBXTargetDependency;
			target = "Yams::CYaml" /* CYaml */;
			targetProxy = D7BEC81A22B917B700A8F48B /* PBXContainerItemProxy */;
		};
/* End PBXTargetDependency section */

/* Begin XCBuildConfiguration section */
		OBJ_109 /* Debug */ = {
			isa = XCBuildConfiguration;
			buildSettings = {
				LD = /usr/bin/true;
				OTHER_SWIFT_FLAGS = "-swift-version 4.2 -I $(TOOLCHAIN_DIR)/usr/lib/swift/pm/4_2 -target x86_64-apple-macosx10.10 -sdk /Applications/Xcode.app/Contents/Developer/Platforms/MacOSX.platform/Developer/SDKs/MacOSX10.14.sdk";
				SWIFT_VERSION = 4.2;
			};
			name = Debug;
		};
		OBJ_110 /* Release */ = {
			isa = XCBuildConfiguration;
			buildSettings = {
				LD = /usr/bin/true;
				OTHER_SWIFT_FLAGS = "-swift-version 4.2 -I $(TOOLCHAIN_DIR)/usr/lib/swift/pm/4_2 -target x86_64-apple-macosx10.10 -sdk /Applications/Xcode.app/Contents/Developer/Platforms/MacOSX.platform/Developer/SDKs/MacOSX10.14.sdk";
				SWIFT_VERSION = 4.2;
			};
			name = Release;
		};
		OBJ_114 /* Debug */ = {
			isa = XCBuildConfiguration;
			baseConfigurationReference = OBJ_8 /* Plugin.xcconfig */;
			buildSettings = {
				ENABLE_TESTABILITY = YES;
				FRAMEWORK_SEARCH_PATHS = (
					"$(inherited)",
					"$(PLATFORM_DIR)/Developer/Library/Frameworks",
				);
				HEADER_SEARCH_PATHS = (
					"$(inherited)",
					"$(SRCROOT)/.build/checkouts/Yams/Sources/CYaml/include",
				);
				INFOPLIST_FILE = CodeEditorCore.xcodeproj/NimbleCore_Info.plist;
				LD_RUNPATH_SEARCH_PATHS = "$(inherited) $(TOOLCHAIN_DIR)/usr/lib/swift/macosx";
				OTHER_CFLAGS = "$(inherited)";
				OTHER_LDFLAGS = "$(inherited)";
				OTHER_SWIFT_FLAGS = "$(inherited)";
				PRODUCT_BUNDLE_IDENTIFIER = NimbleCore;
				PRODUCT_MODULE_NAME = "$(TARGET_NAME:c99extidentifier)";
				PRODUCT_NAME = "$(TARGET_NAME:c99extidentifier)";
				SKIP_INSTALL = YES;
				SWIFT_ACTIVE_COMPILATION_CONDITIONS = "$(inherited)";
				SWIFT_VERSION = 4.2;
				TARGET_NAME = NimbleCore;
			};
			name = Debug;
		};
		OBJ_115 /* Release */ = {
			isa = XCBuildConfiguration;
			baseConfigurationReference = OBJ_8 /* Plugin.xcconfig */;
			buildSettings = {
				ENABLE_TESTABILITY = YES;
				FRAMEWORK_SEARCH_PATHS = (
					"$(inherited)",
					"$(PLATFORM_DIR)/Developer/Library/Frameworks",
				);
				HEADER_SEARCH_PATHS = (
					"$(inherited)",
					"$(SRCROOT)/.build/checkouts/Yams/Sources/CYaml/include",
				);
				INFOPLIST_FILE = CodeEditorCore.xcodeproj/NimbleCore_Info.plist;
				LD_RUNPATH_SEARCH_PATHS = "$(inherited) $(TOOLCHAIN_DIR)/usr/lib/swift/macosx";
				OTHER_CFLAGS = "$(inherited)";
				OTHER_LDFLAGS = "$(inherited)";
				OTHER_SWIFT_FLAGS = "$(inherited)";
				PRODUCT_BUNDLE_IDENTIFIER = NimbleCore;
				PRODUCT_MODULE_NAME = "$(TARGET_NAME:c99extidentifier)";
				PRODUCT_NAME = "$(TARGET_NAME:c99extidentifier)";
				SKIP_INSTALL = YES;
				SWIFT_ACTIVE_COMPILATION_CONDITIONS = "$(inherited)";
				SWIFT_VERSION = 4.2;
				TARGET_NAME = NimbleCore;
			};
			name = Release;
		};
		OBJ_135 /* Debug */ = {
			isa = XCBuildConfiguration;
			buildSettings = {
				LD = /usr/bin/true;
				OTHER_SWIFT_FLAGS = "-swift-version 4.2 -I $(TOOLCHAIN_DIR)/usr/lib/swift/pm/4_2 -target x86_64-apple-macosx10.10 -sdk /Applications/Xcode.app/Contents/Developer/Platforms/MacOSX.platform/Developer/SDKs/MacOSX10.14.sdk";
				SWIFT_VERSION = 4.2;
			};
			name = Debug;
		};
		OBJ_136 /* Release */ = {
			isa = XCBuildConfiguration;
			buildSettings = {
				LD = /usr/bin/true;
				OTHER_SWIFT_FLAGS = "-swift-version 4.2 -I $(TOOLCHAIN_DIR)/usr/lib/swift/pm/4_2 -target x86_64-apple-macosx10.10 -sdk /Applications/Xcode.app/Contents/Developer/Platforms/MacOSX.platform/Developer/SDKs/MacOSX10.14.sdk";
				SWIFT_VERSION = 4.2;
			};
			name = Release;
		};
		OBJ_140 /* Debug */ = {
			isa = XCBuildConfiguration;
			baseConfigurationReference = OBJ_8 /* Plugin.xcconfig */;
			buildSettings = {
				ENABLE_TESTABILITY = YES;
				FRAMEWORK_SEARCH_PATHS = (
					"$(inherited)",
					"$(PLATFORM_DIR)/Developer/Library/Frameworks",
				);
				HEADER_SEARCH_PATHS = "$(inherited)";
				INFOPLIST_FILE = CodeEditorCore.xcodeproj/Path_Info.plist;
				LD_RUNPATH_SEARCH_PATHS = "$(inherited) $(TOOLCHAIN_DIR)/usr/lib/swift/macosx";
				OTHER_CFLAGS = "$(inherited)";
				OTHER_LDFLAGS = "$(inherited)";
				OTHER_SWIFT_FLAGS = "$(inherited)";
				PRODUCT_BUNDLE_IDENTIFIER = Path;
				PRODUCT_MODULE_NAME = "$(TARGET_NAME:c99extidentifier)";
				PRODUCT_NAME = "$(TARGET_NAME:c99extidentifier)";
				SKIP_INSTALL = YES;
				SWIFT_ACTIVE_COMPILATION_CONDITIONS = "$(inherited)";
				SWIFT_VERSION = 5.0;
				TARGET_NAME = Path;
			};
			name = Debug;
		};
		OBJ_141 /* Release */ = {
			isa = XCBuildConfiguration;
			baseConfigurationReference = OBJ_8 /* Plugin.xcconfig */;
			buildSettings = {
				ENABLE_TESTABILITY = YES;
				FRAMEWORK_SEARCH_PATHS = (
					"$(inherited)",
					"$(PLATFORM_DIR)/Developer/Library/Frameworks",
				);
				HEADER_SEARCH_PATHS = "$(inherited)";
				INFOPLIST_FILE = CodeEditorCore.xcodeproj/Path_Info.plist;
				LD_RUNPATH_SEARCH_PATHS = "$(inherited) $(TOOLCHAIN_DIR)/usr/lib/swift/macosx";
				OTHER_CFLAGS = "$(inherited)";
				OTHER_LDFLAGS = "$(inherited)";
				OTHER_SWIFT_FLAGS = "$(inherited)";
				PRODUCT_BUNDLE_IDENTIFIER = Path;
				PRODUCT_MODULE_NAME = "$(TARGET_NAME:c99extidentifier)";
				PRODUCT_NAME = "$(TARGET_NAME:c99extidentifier)";
				SKIP_INSTALL = YES;
				SWIFT_ACTIVE_COMPILATION_CONDITIONS = "$(inherited)";
				SWIFT_VERSION = 5.0;
				TARGET_NAME = Path;
			};
			name = Release;
		};
		OBJ_155 /* Debug */ = {
			isa = XCBuildConfiguration;
			buildSettings = {
				LD = /usr/bin/true;
				OTHER_SWIFT_FLAGS = "-swift-version 4.2 -I $(TOOLCHAIN_DIR)/usr/lib/swift/pm/4_2 -target x86_64-apple-macosx10.10 -sdk /Applications/Xcode.app/Contents/Developer/Platforms/MacOSX.platform/Developer/SDKs/MacOSX10.14.sdk";
				SWIFT_VERSION = 4.2;
			};
			name = Debug;
		};
		OBJ_156 /* Release */ = {
			isa = XCBuildConfiguration;
			buildSettings = {
				LD = /usr/bin/true;
				OTHER_SWIFT_FLAGS = "-swift-version 4.2 -I $(TOOLCHAIN_DIR)/usr/lib/swift/pm/4_2 -target x86_64-apple-macosx10.10 -sdk /Applications/Xcode.app/Contents/Developer/Platforms/MacOSX.platform/Developer/SDKs/MacOSX10.14.sdk";
				SWIFT_VERSION = 4.2;
			};
			name = Release;
		};
		OBJ_160 /* Debug */ = {
			isa = XCBuildConfiguration;
			baseConfigurationReference = OBJ_8 /* Plugin.xcconfig */;
			buildSettings = {
				ENABLE_TESTABILITY = YES;
				FRAMEWORK_SEARCH_PATHS = (
					"$(inherited)",
					"$(PLATFORM_DIR)/Developer/Library/Frameworks",
				);
				HEADER_SEARCH_PATHS = (
					"$(inherited)",
					"$(SRCROOT)/.build/checkouts/Yams/Sources/CYaml/include",
				);
				INFOPLIST_FILE = CodeEditorCore.xcodeproj/Yams_Info.plist;
				IPHONEOS_DEPLOYMENT_TARGET = 8.0;
				LD_RUNPATH_SEARCH_PATHS = "$(inherited) $(TOOLCHAIN_DIR)/usr/lib/swift/macosx";
				MACOSX_DEPLOYMENT_TARGET = 10.10;
				OTHER_CFLAGS = "$(inherited)";
				OTHER_LDFLAGS = "$(inherited)";
				OTHER_SWIFT_FLAGS = "$(inherited)";
				PRODUCT_BUNDLE_IDENTIFIER = Yams;
				PRODUCT_MODULE_NAME = "$(TARGET_NAME:c99extidentifier)";
				PRODUCT_NAME = "$(TARGET_NAME:c99extidentifier)";
				SKIP_INSTALL = YES;
				SWIFT_ACTIVE_COMPILATION_CONDITIONS = "$(inherited)";
				SWIFT_VERSION = 5.0;
				TARGET_NAME = Yams;
				TVOS_DEPLOYMENT_TARGET = 9.0;
				WATCHOS_DEPLOYMENT_TARGET = 2.0;
			};
			name = Debug;
		};
		OBJ_161 /* Release */ = {
			isa = XCBuildConfiguration;
			baseConfigurationReference = OBJ_8 /* Plugin.xcconfig */;
			buildSettings = {
				ENABLE_TESTABILITY = YES;
				FRAMEWORK_SEARCH_PATHS = (
					"$(inherited)",
					"$(PLATFORM_DIR)/Developer/Library/Frameworks",
				);
				HEADER_SEARCH_PATHS = (
					"$(inherited)",
					"$(SRCROOT)/.build/checkouts/Yams/Sources/CYaml/include",
				);
				INFOPLIST_FILE = CodeEditorCore.xcodeproj/Yams_Info.plist;
				IPHONEOS_DEPLOYMENT_TARGET = 8.0;
				LD_RUNPATH_SEARCH_PATHS = "$(inherited) $(TOOLCHAIN_DIR)/usr/lib/swift/macosx";
				MACOSX_DEPLOYMENT_TARGET = 10.10;
				OTHER_CFLAGS = "$(inherited)";
				OTHER_LDFLAGS = "$(inherited)";
				OTHER_SWIFT_FLAGS = "$(inherited)";
				PRODUCT_BUNDLE_IDENTIFIER = Yams;
				PRODUCT_MODULE_NAME = "$(TARGET_NAME:c99extidentifier)";
				PRODUCT_NAME = "$(TARGET_NAME:c99extidentifier)";
				SKIP_INSTALL = YES;
				SWIFT_ACTIVE_COMPILATION_CONDITIONS = "$(inherited)";
				SWIFT_VERSION = 5.0;
				TARGET_NAME = Yams;
				TVOS_DEPLOYMENT_TARGET = 9.0;
				WATCHOS_DEPLOYMENT_TARGET = 2.0;
			};
			name = Release;
		};
		OBJ_184 /* Debug */ = {
			isa = XCBuildConfiguration;
			buildSettings = {
				LD = /usr/bin/true;
				OTHER_SWIFT_FLAGS = "-swift-version 5 -I $(TOOLCHAIN_DIR)/usr/lib/swift/pm/4_2 -target x86_64-apple-macosx10.10 -sdk /Applications/Xcode.app/Contents/Developer/Platforms/MacOSX.platform/Developer/SDKs/MacOSX10.14.sdk";
				SWIFT_VERSION = 5.0;
			};
			name = Debug;
		};
		OBJ_185 /* Release */ = {
			isa = XCBuildConfiguration;
			buildSettings = {
				LD = /usr/bin/true;
				OTHER_SWIFT_FLAGS = "-swift-version 5 -I $(TOOLCHAIN_DIR)/usr/lib/swift/pm/4_2 -target x86_64-apple-macosx10.10 -sdk /Applications/Xcode.app/Contents/Developer/Platforms/MacOSX.platform/Developer/SDKs/MacOSX10.14.sdk";
				SWIFT_VERSION = 5.0;
			};
			name = Release;
		};
		OBJ_3 /* Debug */ = {
			isa = XCBuildConfiguration;
			buildSettings = {
				CLANG_ENABLE_OBJC_ARC = YES;
				COMBINE_HIDPI_IMAGES = YES;
				COPY_PHASE_STRIP = NO;
				DEBUG_INFORMATION_FORMAT = dwarf;
				DYLIB_INSTALL_NAME_BASE = "@rpath";
				ENABLE_NS_ASSERTIONS = YES;
				GCC_OPTIMIZATION_LEVEL = 0;
				GCC_PREPROCESSOR_DEFINITIONS = (
					"$(inherited)",
					"SWIFT_PACKAGE=1",
					"DEBUG=1",
				);
				MACOSX_DEPLOYMENT_TARGET = 10.10;
				ONLY_ACTIVE_ARCH = YES;
				OTHER_SWIFT_FLAGS = "-DXcode";
				PRODUCT_NAME = "$(TARGET_NAME)";
				SDKROOT = macosx;
				SUPPORTED_PLATFORMS = "macosx iphoneos iphonesimulator appletvos appletvsimulator watchos watchsimulator";
				SWIFT_ACTIVE_COMPILATION_CONDITIONS = "$(inherited) SWIFT_PACKAGE DEBUG";
				SWIFT_OPTIMIZATION_LEVEL = "-Onone";
				USE_HEADERMAP = NO;
			};
			name = Debug;
		};
		OBJ_4 /* Release */ = {
			isa = XCBuildConfiguration;
			buildSettings = {
				CLANG_ENABLE_OBJC_ARC = YES;
				COMBINE_HIDPI_IMAGES = YES;
				COPY_PHASE_STRIP = YES;
				DEBUG_INFORMATION_FORMAT = "dwarf-with-dsym";
				DYLIB_INSTALL_NAME_BASE = "@rpath";
				GCC_OPTIMIZATION_LEVEL = s;
				GCC_PREPROCESSOR_DEFINITIONS = (
					"$(inherited)",
					"SWIFT_PACKAGE=1",
				);
				MACOSX_DEPLOYMENT_TARGET = 10.10;
				OTHER_SWIFT_FLAGS = "-DXcode";
				PRODUCT_NAME = "$(TARGET_NAME)";
				SDKROOT = macosx;
				SUPPORTED_PLATFORMS = "macosx iphoneos iphonesimulator appletvos appletvsimulator watchos watchsimulator";
				SWIFT_ACTIVE_COMPILATION_CONDITIONS = "$(inherited) SWIFT_PACKAGE";
				SWIFT_OPTIMIZATION_LEVEL = "-Owholemodule";
				USE_HEADERMAP = NO;
			};
			name = Release;
		};
		OBJ_76 /* Debug */ = {
			isa = XCBuildConfiguration;
			baseConfigurationReference = OBJ_8 /* Plugin.xcconfig */;
			buildSettings = {
				CLANG_ENABLE_MODULES = YES;
				DEFINES_MODULE = YES;
				ENABLE_TESTABILITY = YES;
				FRAMEWORK_SEARCH_PATHS = (
					"$(inherited)",
					"$(PLATFORM_DIR)/Developer/Library/Frameworks",
				);
				HEADER_SEARCH_PATHS = (
					"$(inherited)",
					"$(SRCROOT)/.build/checkouts/Yams/Sources/CYaml/include",
				);
				INFOPLIST_FILE = CodeEditorCore.xcodeproj/CYaml_Info.plist;
				IPHONEOS_DEPLOYMENT_TARGET = 8.0;
				LD_RUNPATH_SEARCH_PATHS = "$(inherited) $(TOOLCHAIN_DIR)/usr/lib/swift/macosx";
				MACOSX_DEPLOYMENT_TARGET = 10.10;
				OTHER_CFLAGS = "$(inherited)";
				OTHER_LDFLAGS = "$(inherited)";
				OTHER_SWIFT_FLAGS = "$(inherited)";
				PRODUCT_BUNDLE_IDENTIFIER = CYaml;
				PRODUCT_MODULE_NAME = "$(TARGET_NAME:c99extidentifier)";
				PRODUCT_NAME = "$(TARGET_NAME:c99extidentifier)";
				SKIP_INSTALL = YES;
				SWIFT_ACTIVE_COMPILATION_CONDITIONS = "$(inherited)";
				SWIFT_OPTIMIZATION_LEVEL = "-Onone";
				SWIFT_VERSION = 5.0;
				TARGET_NAME = CYaml;
				TVOS_DEPLOYMENT_TARGET = 9.0;
				WATCHOS_DEPLOYMENT_TARGET = 2.0;
			};
			name = Debug;
		};
		OBJ_77 /* Release */ = {
			isa = XCBuildConfiguration;
			baseConfigurationReference = OBJ_8 /* Plugin.xcconfig */;
			buildSettings = {
				CLANG_ENABLE_MODULES = YES;
				DEFINES_MODULE = YES;
				ENABLE_TESTABILITY = YES;
				FRAMEWORK_SEARCH_PATHS = (
					"$(inherited)",
					"$(PLATFORM_DIR)/Developer/Library/Frameworks",
				);
				HEADER_SEARCH_PATHS = (
					"$(inherited)",
					"$(SRCROOT)/.build/checkouts/Yams/Sources/CYaml/include",
				);
				INFOPLIST_FILE = CodeEditorCore.xcodeproj/CYaml_Info.plist;
				IPHONEOS_DEPLOYMENT_TARGET = 8.0;
				LD_RUNPATH_SEARCH_PATHS = "$(inherited) $(TOOLCHAIN_DIR)/usr/lib/swift/macosx";
				MACOSX_DEPLOYMENT_TARGET = 10.10;
				OTHER_CFLAGS = "$(inherited)";
				OTHER_LDFLAGS = "$(inherited)";
				OTHER_SWIFT_FLAGS = "$(inherited)";
				PRODUCT_BUNDLE_IDENTIFIER = CYaml;
				PRODUCT_MODULE_NAME = "$(TARGET_NAME:c99extidentifier)";
				PRODUCT_NAME = "$(TARGET_NAME:c99extidentifier)";
				SKIP_INSTALL = YES;
				SWIFT_ACTIVE_COMPILATION_CONDITIONS = "$(inherited)";
				SWIFT_VERSION = 5.0;
				TARGET_NAME = CYaml;
				TVOS_DEPLOYMENT_TARGET = 9.0;
				WATCHOS_DEPLOYMENT_TARGET = 2.0;
			};
			name = Release;
		};
		OBJ_91 /* Debug */ = {
			isa = XCBuildConfiguration;
			baseConfigurationReference = OBJ_8 /* Plugin.xcconfig */;
			buildSettings = {
				ENABLE_TESTABILITY = YES;
				FRAMEWORK_SEARCH_PATHS = (
					"$(inherited)",
					"$(PLATFORM_DIR)/Developer/Library/Frameworks",
				);
				HEADER_SEARCH_PATHS = (
					"$(inherited)",
					"$(SRCROOT)/.build/checkouts/Yams/Sources/CYaml/include",
				);
				INFOPLIST_FILE = CodeEditorCore.xcodeproj/CodeEditorCore_Info.plist;
				LD_RUNPATH_SEARCH_PATHS = "$(inherited) $(TOOLCHAIN_DIR)/usr/lib/swift/macosx";
				OTHER_CFLAGS = "$(inherited)";
				OTHER_LDFLAGS = "$(inherited)";
				OTHER_SWIFT_FLAGS = "$(inherited)";
				PRODUCT_BUNDLE_IDENTIFIER = CodeEditorCore;
				PRODUCT_MODULE_NAME = "$(TARGET_NAME:c99extidentifier)";
				PRODUCT_NAME = "$(TARGET_NAME:c99extidentifier)";
				SKIP_INSTALL = YES;
				SWIFT_ACTIVE_COMPILATION_CONDITIONS = "$(inherited)";
				SWIFT_VERSION = 4.2;
				TARGET_NAME = CodeEditorCore;
			};
			name = Debug;
		};
		OBJ_92 /* Release */ = {
			isa = XCBuildConfiguration;
			baseConfigurationReference = OBJ_8 /* Plugin.xcconfig */;
			buildSettings = {
				ENABLE_TESTABILITY = YES;
				FRAMEWORK_SEARCH_PATHS = (
					"$(inherited)",
					"$(PLATFORM_DIR)/Developer/Library/Frameworks",
				);
				HEADER_SEARCH_PATHS = (
					"$(inherited)",
					"$(SRCROOT)/.build/checkouts/Yams/Sources/CYaml/include",
				);
				INFOPLIST_FILE = CodeEditorCore.xcodeproj/CodeEditorCore_Info.plist;
				LD_RUNPATH_SEARCH_PATHS = "$(inherited) $(TOOLCHAIN_DIR)/usr/lib/swift/macosx";
				OTHER_CFLAGS = "$(inherited)";
				OTHER_LDFLAGS = "$(inherited)";
				OTHER_SWIFT_FLAGS = "$(inherited)";
				PRODUCT_BUNDLE_IDENTIFIER = CodeEditorCore;
				PRODUCT_MODULE_NAME = "$(TARGET_NAME:c99extidentifier)";
				PRODUCT_NAME = "$(TARGET_NAME:c99extidentifier)";
				SKIP_INSTALL = YES;
				SWIFT_ACTIVE_COMPILATION_CONDITIONS = "$(inherited)";
				SWIFT_VERSION = 4.2;
				TARGET_NAME = CodeEditorCore;
			};
			name = Release;
		};
/* End XCBuildConfiguration section */

/* Begin XCConfigurationList section */
		OBJ_108 /* Build configuration list for PBXNativeTarget "CodeEditorCorePackageDescription" */ = {
			isa = XCConfigurationList;
			buildConfigurations = (
				OBJ_109 /* Debug */,
				OBJ_110 /* Release */,
			);
			defaultConfigurationIsVisible = 0;
			defaultConfigurationName = Release;
		};
		OBJ_113 /* Build configuration list for PBXNativeTarget "NimbleCore" */ = {
			isa = XCConfigurationList;
			buildConfigurations = (
				OBJ_114 /* Debug */,
				OBJ_115 /* Release */,
			);
			defaultConfigurationIsVisible = 0;
			defaultConfigurationName = Release;
		};
		OBJ_134 /* Build configuration list for PBXNativeTarget "NimbleCorePackageDescription" */ = {
			isa = XCConfigurationList;
			buildConfigurations = (
				OBJ_135 /* Debug */,
				OBJ_136 /* Release */,
			);
			defaultConfigurationIsVisible = 0;
			defaultConfigurationName = Release;
		};
		OBJ_139 /* Build configuration list for PBXNativeTarget "Path" */ = {
			isa = XCConfigurationList;
			buildConfigurations = (
				OBJ_140 /* Debug */,
				OBJ_141 /* Release */,
			);
			defaultConfigurationIsVisible = 0;
			defaultConfigurationName = Release;
		};
		OBJ_154 /* Build configuration list for PBXNativeTarget "Path.swiftPackageDescription" */ = {
			isa = XCConfigurationList;
			buildConfigurations = (
				OBJ_155 /* Debug */,
				OBJ_156 /* Release */,
			);
			defaultConfigurationIsVisible = 0;
			defaultConfigurationName = Release;
		};
		OBJ_159 /* Build configuration list for PBXNativeTarget "Yams" */ = {
			isa = XCConfigurationList;
			buildConfigurations = (
				OBJ_160 /* Debug */,
				OBJ_161 /* Release */,
			);
			defaultConfigurationIsVisible = 0;
			defaultConfigurationName = Release;
		};
		OBJ_183 /* Build configuration list for PBXNativeTarget "YamsPackageDescription" */ = {
			isa = XCConfigurationList;
			buildConfigurations = (
				OBJ_184 /* Debug */,
				OBJ_185 /* Release */,
			);
			defaultConfigurationIsVisible = 0;
			defaultConfigurationName = Release;
		};
		OBJ_2 /* Build configuration list for PBXProject "CodeEditorCore" */ = {
			isa = XCConfigurationList;
			buildConfigurations = (
				OBJ_3 /* Debug */,
				OBJ_4 /* Release */,
			);
			defaultConfigurationIsVisible = 0;
			defaultConfigurationName = Release;
		};
		OBJ_75 /* Build configuration list for PBXNativeTarget "CYaml" */ = {
			isa = XCConfigurationList;
			buildConfigurations = (
				OBJ_76 /* Debug */,
				OBJ_77 /* Release */,
			);
			defaultConfigurationIsVisible = 0;
			defaultConfigurationName = Release;
		};
		OBJ_90 /* Build configuration list for PBXNativeTarget "CodeEditorCore" */ = {
			isa = XCConfigurationList;
			buildConfigurations = (
				OBJ_91 /* Debug */,
				OBJ_92 /* Release */,
			);
			defaultConfigurationIsVisible = 0;
			defaultConfigurationName = Release;
		};
/* End XCConfigurationList section */
	};
	rootObject = OBJ_1 /* Project object */;
}
