// !$*UTF8*$!
{
	archiveVersion = 1;
	classes = {
	};
	objectVersion = 52;
	objects = {

/* Begin PBXBuildFile section */
		0C0809F923E2E31B00E78444 /* Command.swift in Sources */ = {isa = PBXBuildFile; fileRef = 0C0809F823E2E31B00E78444 /* Command.swift */; };
		0C0DB76123D08C1800E957DC /* NSImage.swift in Sources */ = {isa = PBXBuildFile; fileRef = 0C0DB76023D08C1800E957DC /* NSImage.swift */; };
		0C238B12233E4E3D004F87E7 /* Assets.xcassets in Resources */ = {isa = PBXBuildFile; fileRef = D7CBF7D2222878F40088715C /* Assets.xcassets */; };
		0C2C1A4822F176B200AC2E5D /* ProjectDocument.swift in Sources */ = {isa = PBXBuildFile; fileRef = 0C2C1A4722F176B200AC2E5D /* ProjectDocument.swift */; };
		0C6B8FAC2339F43C00B0FA48 /* UnsupportedPane.swift in Sources */ = {isa = PBXBuildFile; fileRef = 0C6B8FAB2339F43C00B0FA48 /* UnsupportedPane.swift */; };
		0C6B8FAF2339F46600B0FA48 /* UnsupportedPane.xib in Resources */ = {isa = PBXBuildFile; fileRef = 0C6B8FAE2339F46600B0FA48 /* UnsupportedPane.xib */; };
		0CA297B423A903340025A4EF /* BinaryFileDocument.swift in Sources */ = {isa = PBXBuildFile; fileRef = 0CA297B323A903340025A4EF /* BinaryFileDocument.swift */; };
		0CD0FB3723A39503003B01DE /* StatusBarView.swift in Sources */ = {isa = PBXBuildFile; fileRef = 0CD0FB3523A39503003B01DE /* StatusBarView.swift */; };
		0CD0FB3B23A39E8D003B01DE /* RootSplitView.swift in Sources */ = {isa = PBXBuildFile; fileRef = 0CD0FB3A23A39E8D003B01DE /* RootSplitView.swift */; };
		0CD0FB4623A776BD003B01DE /* EditorSplitView.swift in Sources */ = {isa = PBXBuildFile; fileRef = 0CD0FB4523A776BD003B01DE /* EditorSplitView.swift */; };
		0CEE0F0D23965A11002E69D6 /* BuildSystem.plugin in Embed PlugIns */ = {isa = PBXBuildFile; fileRef = 0CEE0F0A239659FC002E69D6 /* BuildSystem.plugin */; };
		D721CFA72385EC3200FD1B00 /* NSOpenPanel.swift in Sources */ = {isa = PBXBuildFile; fileRef = D721CFA62385EC3200FD1B00 /* NSOpenPanel.swift */; };
		D724C5E2237A21D100E80958 /* Observer.swift in Sources */ = {isa = PBXBuildFile; fileRef = D724C5E1237A21D100E80958 /* Observer.swift */; };
		D724C5E4237B18A900E80958 /* WeakRef.swift in Sources */ = {isa = PBXBuildFile; fileRef = D724C5E3237B18A900E80958 /* WeakRef.swift */; };
		D724C5EE237C418B00E80958 /* TabbedEditor.xib in Resources */ = {isa = PBXBuildFile; fileRef = D724C5E7237C418B00E80958 /* TabbedEditor.xib */; };
		D724C5EF237C418B00E80958 /* ConsoleView.swift in Sources */ = {isa = PBXBuildFile; fileRef = D724C5E8237C418B00E80958 /* ConsoleView.swift */; };
		D724C5F0237C418B00E80958 /* DropView.swift in Sources */ = {isa = PBXBuildFile; fileRef = D724C5E9237C418B00E80958 /* DropView.swift */; };
		D724C5F1237C418B00E80958 /* NavigatorView.swift in Sources */ = {isa = PBXBuildFile; fileRef = D724C5EA237C418B00E80958 /* NavigatorView.swift */; };
		D724C5F2237C418B00E80958 /* TabbedEditor.swift in Sources */ = {isa = PBXBuildFile; fileRef = D724C5EB237C418B00E80958 /* TabbedEditor.swift */; };
		D724C5F3237C418B00E80958 /* ConsoleView.xib in Resources */ = {isa = PBXBuildFile; fileRef = D724C5EC237C418B00E80958 /* ConsoleView.xib */; };
		D724C5F4237C418B00E80958 /* DebugView.swift in Sources */ = {isa = PBXBuildFile; fileRef = D724C5ED237C418B00E80958 /* DebugView.swift */; };
		D72CEB442371D5C600C13F01 /* RandomAccessCollection.swift in Sources */ = {isa = PBXBuildFile; fileRef = D72CEB432371D5C600C13F01 /* RandomAccessCollection.swift */; };
		D72F9587222CAC3C009F2EC3 /* AppDelegate.swift in Sources */ = {isa = PBXBuildFile; fileRef = D78BCB05222B4DE300AE0A9C /* AppDelegate.swift */; };
		D72F959C222DF2D9009F2EC3 /* WorkbenchSidebar.xib in Resources */ = {isa = PBXBuildFile; fileRef = D72F959B222DF2D9009F2EC3 /* WorkbenchSidebar.xib */; };
		D72F959F222DF7AF009F2EC3 /* WorkbenchSidebar.swift in Sources */ = {isa = PBXBuildFile; fileRef = D72F959E222DF7AF009F2EC3 /* WorkbenchSidebar.swift */; };
		D73BFD8123EB0DBD0096FA99 /* NimbleDocument.swift in Sources */ = {isa = PBXBuildFile; fileRef = D73BFD8023EB0DBD0096FA99 /* NimbleDocument.swift */; };
		D73C4F842391B55100B00066 /* NSMenu.swift in Sources */ = {isa = PBXBuildFile; fileRef = D73C4F832391B55100B00066 /* NSMenu.swift */; };
		D74A7F532396D5F1006E0238 /* LangExtensions.plugin in Embed PlugIns */ = {isa = PBXBuildFile; fileRef = D74A7F522396D5CC006E0238 /* LangExtensions.plugin */; };
		D74A7F5523972382006E0238 /* KeyPathDecodable.swift in Sources */ = {isa = PBXBuildFile; fileRef = D74A7F5423972382006E0238 /* KeyPathDecodable.swift */; };
		D75DAE6523ABBD260017DEE2 /* Diagnostic.swift in Sources */ = {isa = PBXBuildFile; fileRef = D75DAE6423ABBD260017DEE2 /* Diagnostic.swift */; };
		D7798F9A236F131900CBF9B7 /* NimbleCore.framework in Frameworks */ = {isa = PBXBuildFile; fileRef = D7798F75236F12E600CBF9B7 /* NimbleCore.framework */; };
		D7798F9B236F131900CBF9B7 /* NimbleCore.framework in Embed Frameworks */ = {isa = PBXBuildFile; fileRef = D7798F75236F12E600CBF9B7 /* NimbleCore.framework */; settings = {ATTRIBUTES = (RemoveHeadersOnCopy, ); }; };
		D77990DD236F14D100CBF9B7 /* XibView.swift in Sources */ = {isa = PBXBuildFile; fileRef = D7799050236F14D100CBF9B7 /* XibView.swift */; };
		D77990DE236F14D100CBF9B7 /* NSViewController.swift in Sources */ = {isa = PBXBuildFile; fileRef = D7799051236F14D100CBF9B7 /* NSViewController.swift */; };
		D77990DF236F14D100CBF9B7 /* NSViewExtensions.swift in Sources */ = {isa = PBXBuildFile; fileRef = D7799052236F14D100CBF9B7 /* NSViewExtensions.swift */; };
		D77990E0236F14D100CBF9B7 /* Console.swift in Sources */ = {isa = PBXBuildFile; fileRef = D7799053236F14D100CBF9B7 /* Console.swift */; };
		D77990E1236F14D100CBF9B7 /* Folder.swift in Sources */ = {isa = PBXBuildFile; fileRef = D7799054236F14D100CBF9B7 /* Folder.swift */; };
		D77990E2236F14D100CBF9B7 /* Atomic.swift in Sources */ = {isa = PBXBuildFile; fileRef = D7799056236F14D100CBF9B7 /* Atomic.swift */; };
		D77990E3236F14D100CBF9B7 /* Project.swift in Sources */ = {isa = PBXBuildFile; fileRef = D7799057236F14D100CBF9B7 /* Project.swift */; };
		D77990E4236F14D100CBF9B7 /* File.swift in Sources */ = {isa = PBXBuildFile; fileRef = D7799058236F14D100CBF9B7 /* File.swift */; };
		D77990E5236F14D100CBF9B7 /* Document.swift in Sources */ = {isa = PBXBuildFile; fileRef = D7799059236F14D100CBF9B7 /* Document.swift */; };
		D77990E6236F14D100CBF9B7 /* Core.swift in Sources */ = {isa = PBXBuildFile; fileRef = D779905A236F14D100CBF9B7 /* Core.swift */; };
		D77990E8236F14D100CBF9B7 /* Workbench.swift in Sources */ = {isa = PBXBuildFile; fileRef = D779905C236F14D100CBF9B7 /* Workbench.swift */; };
		D77990E9236F14D100CBF9B7 /* Plugin.swift in Sources */ = {isa = PBXBuildFile; fileRef = D779905D236F14D100CBF9B7 /* Plugin.swift */; };
		D779912D236F169400CBF9B7 /* Path in Frameworks */ = {isa = PBXBuildFile; productRef = D779912C236F169400CBF9B7 /* Path */; };
		D7799130236F16AE00CBF9B7 /* Yams in Frameworks */ = {isa = PBXBuildFile; productRef = D779912F236F16AE00CBF9B7 /* Yams */; };
		D77F338123A4645100E3AFC8 /* LSPClient.plugin in Embed PlugIns */ = {isa = PBXBuildFile; fileRef = D77F337F23A4641B00E3AFC8 /* LSPClient.plugin */; };
		D77F338223A4645100E3AFC8 /* SwiftExtensions.plugin in Embed PlugIns */ = {isa = PBXBuildFile; fileRef = D77F337D23A4640300E3AFC8 /* SwiftExtensions.plugin */; };
		D788ED452239C2750072C21E /* NimbleWorkbench.swift in Sources */ = {isa = PBXBuildFile; fileRef = D7CBF8AF2229280E0088715C /* NimbleWorkbench.swift */; };
		D79BE0BD2385AD4000D96619 /* NimbleController.swift in Sources */ = {isa = PBXBuildFile; fileRef = 0CB6607722F41D1500CBB386 /* NimbleController.swift */; };
		D7CBF7D6222878F40088715C /* Main.storyboard in Resources */ = {isa = PBXBuildFile; fileRef = D7CBF7D4222878F40088715C /* Main.storyboard */; };
		D7D46162238ED16B0090FC34 /* KPCTabsControl.framework in Frameworks */ = {isa = PBXBuildFile; fileRef = D7D4615D238ECCE20090FC34 /* KPCTabsControl.framework */; };
		D7D46163238ED16B0090FC34 /* KPCTabsControl.framework in Embed Frameworks */ = {isa = PBXBuildFile; fileRef = D7D4615D238ECCE20090FC34 /* KPCTabsControl.framework */; settings = {ATTRIBUTES = (RemoveHeadersOnCopy, ); }; };
		D7D461652390083C0090FC34 /* Document.swift in Sources */ = {isa = PBXBuildFile; fileRef = D7D461642390083C0090FC34 /* Document.swift */; };
		E42DC05C22CE49A700486CC1 /* CodeEditor.plugin in Embed PlugIns */ = {isa = PBXBuildFile; fileRef = E42DC05B22CE498200486CC1 /* CodeEditor.plugin */; };
		E42DC05D22CE49A700486CC1 /* ProjectNavigator.plugin in Embed PlugIns */ = {isa = PBXBuildFile; fileRef = E42DC05A22CE497F00486CC1 /* ProjectNavigator.plugin */; };
		E42DC0C322D26C3100486CC1 /* ImageViewer.plugin in Embed PlugIns */ = {isa = PBXBuildFile; fileRef = E42DC0C222D26C1200486CC1 /* ImageViewer.plugin */; };
		E4326A6023E305F2005C6105 /* SVGEditor.plugin in Embed PlugIns */ = {isa = PBXBuildFile; fileRef = E4326A5F23E305A0005C6105 /* SVGEditor.plugin */; };
		E460BE2D23F494C6003317AC /* Algorithms.swift in Sources */ = {isa = PBXBuildFile; fileRef = E460BE2B23F494C6003317AC /* Algorithms.swift */; };
/* End PBXBuildFile section */

/* Begin PBXContainerItemProxy section */
		D7798F9C236F131900CBF9B7 /* PBXContainerItemProxy */ = {
			isa = PBXContainerItemProxy;
			containerPortal = D7CBF7C3222878F10088715C /* Project object */;
			proxyType = 1;
			remoteGlobalIDString = D7798F74236F12E600CBF9B7;
			remoteInfo = NimbleCore;
		};
		D7D4615C238ECCE20090FC34 /* PBXContainerItemProxy */ = {
			isa = PBXContainerItemProxy;
			containerPortal = D751F28722F881B800D33972 /* KPCTabsControl.xcodeproj */;
			proxyType = 2;
			remoteGlobalIDString = 9FA7EDA51AD668BC0060FF79;
			remoteInfo = KPCTabsControl;
		};
/* End PBXContainerItemProxy section */

/* Begin PBXCopyFilesBuildPhase section */
		D722326422CC10A100E471C2 /* Embed PlugIns */ = {
			isa = PBXCopyFilesBuildPhase;
			buildActionMask = 2147483647;
			dstPath = "";
			dstSubfolderSpec = 13;
			files = (
				E4326A6023E305F2005C6105 /* SVGEditor.plugin in Embed PlugIns */,
				D77F338123A4645100E3AFC8 /* LSPClient.plugin in Embed PlugIns */,
				D77F338223A4645100E3AFC8 /* SwiftExtensions.plugin in Embed PlugIns */,
				D74A7F532396D5F1006E0238 /* LangExtensions.plugin in Embed PlugIns */,
				0CEE0F0D23965A11002E69D6 /* BuildSystem.plugin in Embed PlugIns */,
				E42DC0C322D26C3100486CC1 /* ImageViewer.plugin in Embed PlugIns */,
				E42DC05C22CE49A700486CC1 /* CodeEditor.plugin in Embed PlugIns */,
				E42DC05D22CE49A700486CC1 /* ProjectNavigator.plugin in Embed PlugIns */,
			);
			name = "Embed PlugIns";
			runOnlyForDeploymentPostprocessing = 0;
		};
		E42DC02E22CE3C3300486CC1 /* Embed Frameworks */ = {
			isa = PBXCopyFilesBuildPhase;
			buildActionMask = 2147483647;
			dstPath = "";
			dstSubfolderSpec = 10;
			files = (
				D7798F9B236F131900CBF9B7 /* NimbleCore.framework in Embed Frameworks */,
				D7D46163238ED16B0090FC34 /* KPCTabsControl.framework in Embed Frameworks */,
			);
			name = "Embed Frameworks";
			runOnlyForDeploymentPostprocessing = 0;
		};
/* End PBXCopyFilesBuildPhase section */

/* Begin PBXFileReference section */
		0C0809F823E2E31B00E78444 /* Command.swift */ = {isa = PBXFileReference; lastKnownFileType = sourcecode.swift; path = Command.swift; sourceTree = "<group>"; };
		0C0DB76023D08C1800E957DC /* NSImage.swift */ = {isa = PBXFileReference; lastKnownFileType = sourcecode.swift; path = NSImage.swift; sourceTree = "<group>"; };
		0C2C1A4722F176B200AC2E5D /* ProjectDocument.swift */ = {isa = PBXFileReference; lastKnownFileType = sourcecode.swift; path = ProjectDocument.swift; sourceTree = "<group>"; };
		0C6B8FAB2339F43C00B0FA48 /* UnsupportedPane.swift */ = {isa = PBXFileReference; lastKnownFileType = sourcecode.swift; path = UnsupportedPane.swift; sourceTree = "<group>"; };
		0C6B8FAE2339F46600B0FA48 /* UnsupportedPane.xib */ = {isa = PBXFileReference; lastKnownFileType = file.xib; path = UnsupportedPane.xib; sourceTree = "<group>"; };
		0CA297B323A903340025A4EF /* BinaryFileDocument.swift */ = {isa = PBXFileReference; lastKnownFileType = sourcecode.swift; path = BinaryFileDocument.swift; sourceTree = "<group>"; };
		0CB6607722F41D1500CBB386 /* NimbleController.swift */ = {isa = PBXFileReference; lastKnownFileType = sourcecode.swift; path = NimbleController.swift; sourceTree = "<group>"; };
		0CD0FB3523A39503003B01DE /* StatusBarView.swift */ = {isa = PBXFileReference; lastKnownFileType = sourcecode.swift; path = StatusBarView.swift; sourceTree = "<group>"; };
		0CD0FB3A23A39E8D003B01DE /* RootSplitView.swift */ = {isa = PBXFileReference; lastKnownFileType = sourcecode.swift; path = RootSplitView.swift; sourceTree = "<group>"; };
		0CD0FB4523A776BD003B01DE /* EditorSplitView.swift */ = {isa = PBXFileReference; lastKnownFileType = sourcecode.swift; path = EditorSplitView.swift; sourceTree = "<group>"; };
		0CEE0F0A239659FC002E69D6 /* BuildSystem.plugin */ = {isa = PBXFileReference; lastKnownFileType = file; path = BuildSystem.plugin; sourceTree = BUILT_PRODUCTS_DIR; };
		D721CFA62385EC3200FD1B00 /* NSOpenPanel.swift */ = {isa = PBXFileReference; lastKnownFileType = sourcecode.swift; path = NSOpenPanel.swift; sourceTree = "<group>"; };
		D724C5E1237A21D100E80958 /* Observer.swift */ = {isa = PBXFileReference; lastKnownFileType = sourcecode.swift; path = Observer.swift; sourceTree = "<group>"; };
		D724C5E3237B18A900E80958 /* WeakRef.swift */ = {isa = PBXFileReference; lastKnownFileType = sourcecode.swift; path = WeakRef.swift; sourceTree = "<group>"; };
		D724C5E7237C418B00E80958 /* TabbedEditor.xib */ = {isa = PBXFileReference; fileEncoding = 4; lastKnownFileType = file.xib; path = TabbedEditor.xib; sourceTree = "<group>"; };
		D724C5E8237C418B00E80958 /* ConsoleView.swift */ = {isa = PBXFileReference; fileEncoding = 4; lastKnownFileType = sourcecode.swift; path = ConsoleView.swift; sourceTree = "<group>"; };
		D724C5E9237C418B00E80958 /* DropView.swift */ = {isa = PBXFileReference; fileEncoding = 4; lastKnownFileType = sourcecode.swift; path = DropView.swift; sourceTree = "<group>"; };
		D724C5EA237C418B00E80958 /* NavigatorView.swift */ = {isa = PBXFileReference; fileEncoding = 4; lastKnownFileType = sourcecode.swift; path = NavigatorView.swift; sourceTree = "<group>"; };
		D724C5EB237C418B00E80958 /* TabbedEditor.swift */ = {isa = PBXFileReference; fileEncoding = 4; lastKnownFileType = sourcecode.swift; path = TabbedEditor.swift; sourceTree = "<group>"; };
		D724C5EC237C418B00E80958 /* ConsoleView.xib */ = {isa = PBXFileReference; fileEncoding = 4; lastKnownFileType = file.xib; path = ConsoleView.xib; sourceTree = "<group>"; };
		D724C5ED237C418B00E80958 /* DebugView.swift */ = {isa = PBXFileReference; fileEncoding = 4; lastKnownFileType = sourcecode.swift; path = DebugView.swift; sourceTree = "<group>"; };
		D72CEB432371D5C600C13F01 /* RandomAccessCollection.swift */ = {isa = PBXFileReference; lastKnownFileType = sourcecode.swift; path = RandomAccessCollection.swift; sourceTree = "<group>"; };
		D72F959B222DF2D9009F2EC3 /* WorkbenchSidebar.xib */ = {isa = PBXFileReference; lastKnownFileType = file.xib; path = WorkbenchSidebar.xib; sourceTree = "<group>"; };
		D72F959E222DF7AF009F2EC3 /* WorkbenchSidebar.swift */ = {isa = PBXFileReference; lastKnownFileType = sourcecode.swift; path = WorkbenchSidebar.swift; sourceTree = "<group>"; };
		D73BFD8023EB0DBD0096FA99 /* NimbleDocument.swift */ = {isa = PBXFileReference; lastKnownFileType = sourcecode.swift; path = NimbleDocument.swift; sourceTree = "<group>"; };
		D73C4F832391B55100B00066 /* NSMenu.swift */ = {isa = PBXFileReference; lastKnownFileType = sourcecode.swift; path = NSMenu.swift; sourceTree = "<group>"; };
		D74A7F522396D5CC006E0238 /* LangExtensions.plugin */ = {isa = PBXFileReference; lastKnownFileType = file; path = LangExtensions.plugin; sourceTree = BUILT_PRODUCTS_DIR; };
		D74A7F5423972382006E0238 /* KeyPathDecodable.swift */ = {isa = PBXFileReference; lastKnownFileType = sourcecode.swift; path = KeyPathDecodable.swift; sourceTree = "<group>"; };
		D751F28722F881B800D33972 /* KPCTabsControl.xcodeproj */ = {isa = PBXFileReference; lastKnownFileType = "wrapper.pb-project"; name = KPCTabsControl.xcodeproj; path = Dependencies/KPCTabsControl/KPCTabsControl.xcodeproj; sourceTree = "<group>"; };
		D75DAE6423ABBD260017DEE2 /* Diagnostic.swift */ = {isa = PBXFileReference; lastKnownFileType = sourcecode.swift; path = Diagnostic.swift; sourceTree = "<group>"; };
		D7798F75236F12E600CBF9B7 /* NimbleCore.framework */ = {isa = PBXFileReference; explicitFileType = wrapper.framework; includeInIndex = 0; path = NimbleCore.framework; sourceTree = BUILT_PRODUCTS_DIR; };
		D779904B236F14D100CBF9B7 /* Package.swift */ = {isa = PBXFileReference; fileEncoding = 4; lastKnownFileType = sourcecode.swift; path = Package.swift; sourceTree = "<group>"; };
		D779904C236F14D100CBF9B7 /* NimbleCore.h */ = {isa = PBXFileReference; fileEncoding = 4; lastKnownFileType = sourcecode.c.h; path = NimbleCore.h; sourceTree = "<group>"; };
		D7799050236F14D100CBF9B7 /* XibView.swift */ = {isa = PBXFileReference; fileEncoding = 4; lastKnownFileType = sourcecode.swift; path = XibView.swift; sourceTree = "<group>"; };
		D7799051236F14D100CBF9B7 /* NSViewController.swift */ = {isa = PBXFileReference; fileEncoding = 4; lastKnownFileType = sourcecode.swift; path = NSViewController.swift; sourceTree = "<group>"; };
		D7799052236F14D100CBF9B7 /* NSViewExtensions.swift */ = {isa = PBXFileReference; fileEncoding = 4; lastKnownFileType = sourcecode.swift; path = NSViewExtensions.swift; sourceTree = "<group>"; };
		D7799053236F14D100CBF9B7 /* Console.swift */ = {isa = PBXFileReference; fileEncoding = 4; lastKnownFileType = sourcecode.swift; path = Console.swift; sourceTree = "<group>"; };
		D7799054236F14D100CBF9B7 /* Folder.swift */ = {isa = PBXFileReference; fileEncoding = 4; lastKnownFileType = sourcecode.swift; path = Folder.swift; sourceTree = "<group>"; };
		D7799056236F14D100CBF9B7 /* Atomic.swift */ = {isa = PBXFileReference; fileEncoding = 4; lastKnownFileType = sourcecode.swift; path = Atomic.swift; sourceTree = "<group>"; };
		D7799057236F14D100CBF9B7 /* Project.swift */ = {isa = PBXFileReference; fileEncoding = 4; lastKnownFileType = sourcecode.swift; path = Project.swift; sourceTree = "<group>"; };
		D7799058236F14D100CBF9B7 /* File.swift */ = {isa = PBXFileReference; fileEncoding = 4; lastKnownFileType = sourcecode.swift; path = File.swift; sourceTree = "<group>"; };
		D7799059236F14D100CBF9B7 /* Document.swift */ = {isa = PBXFileReference; fileEncoding = 4; lastKnownFileType = sourcecode.swift; path = Document.swift; sourceTree = "<group>"; };
		D779905A236F14D100CBF9B7 /* Core.swift */ = {isa = PBXFileReference; fileEncoding = 4; lastKnownFileType = sourcecode.swift; path = Core.swift; sourceTree = "<group>"; };
		D779905C236F14D100CBF9B7 /* Workbench.swift */ = {isa = PBXFileReference; fileEncoding = 4; lastKnownFileType = sourcecode.swift; path = Workbench.swift; sourceTree = "<group>"; };
		D779905D236F14D100CBF9B7 /* Plugin.swift */ = {isa = PBXFileReference; fileEncoding = 4; lastKnownFileType = sourcecode.swift; path = Plugin.swift; sourceTree = "<group>"; };
		D779905E236F14D100CBF9B7 /* Info.plist */ = {isa = PBXFileReference; fileEncoding = 4; lastKnownFileType = text.plist.xml; path = Info.plist; sourceTree = "<group>"; };
		D77F337D23A4640300E3AFC8 /* SwiftExtensions.plugin */ = {isa = PBXFileReference; lastKnownFileType = file; path = SwiftExtensions.plugin; sourceTree = BUILT_PRODUCTS_DIR; };
		D77F337F23A4641B00E3AFC8 /* LSPClient.plugin */ = {isa = PBXFileReference; lastKnownFileType = file; path = LSPClient.plugin; sourceTree = BUILT_PRODUCTS_DIR; };
		D78BCB05222B4DE300AE0A9C /* AppDelegate.swift */ = {isa = PBXFileReference; lastKnownFileType = sourcecode.swift; path = AppDelegate.swift; sourceTree = "<group>"; };
		D7CBF7CB222878F10088715C /* Nimble.app */ = {isa = PBXFileReference; explicitFileType = wrapper.application; includeInIndex = 0; path = Nimble.app; sourceTree = BUILT_PRODUCTS_DIR; };
		D7CBF7D2222878F40088715C /* Assets.xcassets */ = {isa = PBXFileReference; lastKnownFileType = folder.assetcatalog; path = Assets.xcassets; sourceTree = "<group>"; };
		D7CBF7D5222878F40088715C /* Base */ = {isa = PBXFileReference; lastKnownFileType = file.storyboard; name = Base; path = Base.lproj/Main.storyboard; sourceTree = "<group>"; };
		D7CBF7D7222878F40088715C /* Info.plist */ = {isa = PBXFileReference; lastKnownFileType = text.plist.xml; path = Info.plist; sourceTree = "<group>"; };
		D7CBF8AF2229280E0088715C /* NimbleWorkbench.swift */ = {isa = PBXFileReference; lastKnownFileType = sourcecode.swift; path = NimbleWorkbench.swift; sourceTree = "<group>"; };
		D7D461642390083C0090FC34 /* Document.swift */ = {isa = PBXFileReference; lastKnownFileType = sourcecode.swift; path = Document.swift; sourceTree = "<group>"; };
		E42DC05A22CE497F00486CC1 /* ProjectNavigator.plugin */ = {isa = PBXFileReference; lastKnownFileType = file; path = ProjectNavigator.plugin; sourceTree = BUILT_PRODUCTS_DIR; };
		E42DC05B22CE498200486CC1 /* CodeEditor.plugin */ = {isa = PBXFileReference; lastKnownFileType = file; path = CodeEditor.plugin; sourceTree = BUILT_PRODUCTS_DIR; };
		E42DC07922CFA01100486CC1 /* InterfaceBuilder.plugin */ = {isa = PBXFileReference; lastKnownFileType = file; path = InterfaceBuilder.plugin; sourceTree = BUILT_PRODUCTS_DIR; };
		E42DC0C222D26C1200486CC1 /* ImageViewer.plugin */ = {isa = PBXFileReference; lastKnownFileType = file; path = ImageViewer.plugin; sourceTree = BUILT_PRODUCTS_DIR; };
		E4326A5F23E305A0005C6105 /* SVGEditor.plugin */ = {isa = PBXFileReference; lastKnownFileType = file; path = SVGEditor.plugin; sourceTree = BUILT_PRODUCTS_DIR; };
		E460BE2B23F494C6003317AC /* Algorithms.swift */ = {isa = PBXFileReference; fileEncoding = 4; lastKnownFileType = sourcecode.swift; path = Algorithms.swift; sourceTree = "<group>"; };
/* End PBXFileReference section */

/* Begin PBXFrameworksBuildPhase section */
		D7798F72236F12E600CBF9B7 /* Frameworks */ = {
			isa = PBXFrameworksBuildPhase;
			buildActionMask = 2147483647;
			files = (
				D7799130236F16AE00CBF9B7 /* Yams in Frameworks */,
				D779912D236F169400CBF9B7 /* Path in Frameworks */,
			);
			runOnlyForDeploymentPostprocessing = 0;
		};
		D7CBF7C8222878F10088715C /* Frameworks */ = {
			isa = PBXFrameworksBuildPhase;
			buildActionMask = 2147483647;
			files = (
				D7798F9A236F131900CBF9B7 /* NimbleCore.framework in Frameworks */,
				D7D46162238ED16B0090FC34 /* KPCTabsControl.framework in Frameworks */,
			);
			runOnlyForDeploymentPostprocessing = 0;
		};
/* End PBXFrameworksBuildPhase section */

/* Begin PBXGroup section */
		D721CFA42385EC1800FD1B00 /* Extensions */ = {
			isa = PBXGroup;
			children = (
				D721CFA62385EC3200FD1B00 /* NSOpenPanel.swift */,
				D7D461642390083C0090FC34 /* Document.swift */,
			);
			path = Extensions;
			sourceTree = "<group>";
		};
		D722326A22CC10E900E471C2 /* Plugins */ = {
			isa = PBXGroup;
			children = (
				E4326A5F23E305A0005C6105 /* SVGEditor.plugin */,
				0CEE0F0A239659FC002E69D6 /* BuildSystem.plugin */,
				E42DC05B22CE498200486CC1 /* CodeEditor.plugin */,
				E42DC0C222D26C1200486CC1 /* ImageViewer.plugin */,
				E42DC07922CFA01100486CC1 /* InterfaceBuilder.plugin */,
				D74A7F522396D5CC006E0238 /* LangExtensions.plugin */,
				D77F337F23A4641B00E3AFC8 /* LSPClient.plugin */,
				E42DC05A22CE497F00486CC1 /* ProjectNavigator.plugin */,
				D77F337D23A4640300E3AFC8 /* SwiftExtensions.plugin */,
			);
			name = Plugins;
			sourceTree = "<group>";
		};
		D72CEB412371D57600C13F01 /* Extensions */ = {
			isa = PBXGroup;
			children = (
				D72CEB432371D5C600C13F01 /* RandomAccessCollection.swift */,
			);
			path = Extensions;
			sourceTree = "<group>";
		};
		D72F959D222DF2F4009F2EC3 /* Controls */ = {
			isa = PBXGroup;
			children = (
				D724C5E8237C418B00E80958 /* ConsoleView.swift */,
				D724C5EC237C418B00E80958 /* ConsoleView.xib */,
				D724C5ED237C418B00E80958 /* DebugView.swift */,
				D724C5E9237C418B00E80958 /* DropView.swift */,
				D724C5EA237C418B00E80958 /* NavigatorView.swift */,
				D724C5EB237C418B00E80958 /* TabbedEditor.swift */,
				D724C5E7237C418B00E80958 /* TabbedEditor.xib */,
				D72F959E222DF7AF009F2EC3 /* WorkbenchSidebar.swift */,
				D72F959B222DF2D9009F2EC3 /* WorkbenchSidebar.xib */,
				0C6B8FAB2339F43C00B0FA48 /* UnsupportedPane.swift */,
				0C6B8FAE2339F46600B0FA48 /* UnsupportedPane.xib */,
				0CD0FB3523A39503003B01DE /* StatusBarView.swift */,
				0CD0FB3A23A39E8D003B01DE /* RootSplitView.swift */,
				0CD0FB4523A776BD003B01DE /* EditorSplitView.swift */,
			);
			path = Controls;
			sourceTree = "<group>";
		};
		D73BFD8323EB0DE40096FA99 /* Impl */ = {
			isa = PBXGroup;
			children = (
				D73BFD8023EB0DBD0096FA99 /* NimbleDocument.swift */,
			);
			path = Impl;
			sourceTree = "<group>";
		};
		D751F28622F8818300D33972 /* Dependencies */ = {
			isa = PBXGroup;
			children = (
				D751F28722F881B800D33972 /* KPCTabsControl.xcodeproj */,
			);
			name = Dependencies;
			sourceTree = "<group>";
		};
		D7798FAB236F14D100CBF9B7 /* NimbleCore */ = {
			isa = PBXGroup;
			children = (
				D779904C236F14D100CBF9B7 /* NimbleCore.h */,
				D779905E236F14D100CBF9B7 /* Info.plist */,
				D779904B236F14D100CBF9B7 /* Package.swift */,
				D779904D236F14D100CBF9B7 /* Sources */,
			);
			path = NimbleCore;
			sourceTree = "<group>";
		};
		D779904D236F14D100CBF9B7 /* Sources */ = {
			isa = PBXGroup;
			children = (
				D779904E236F14D100CBF9B7 /* NimbleCore */,
			);
			path = Sources;
			sourceTree = "<group>";
		};
		D779904E236F14D100CBF9B7 /* NimbleCore */ = {
			isa = PBXGroup;
			children = (
				D7799053236F14D100CBF9B7 /* Console.swift */,
				D779905A236F14D100CBF9B7 /* Core.swift */,
				D75DAE6423ABBD260017DEE2 /* Diagnostic.swift */,
				D7799059236F14D100CBF9B7 /* Document.swift */,
				D7799058236F14D100CBF9B7 /* File.swift */,
				D7799054236F14D100CBF9B7 /* Folder.swift */,
				D779905D236F14D100CBF9B7 /* Plugin.swift */,
				D7799057236F14D100CBF9B7 /* Project.swift */,
				D779905C236F14D100CBF9B7 /* Workbench.swift */,
				0C0809F823E2E31B00E78444 /* Command.swift */,
				D72CEB412371D57600C13F01 /* Extensions */,
				D73BFD8323EB0DE40096FA99 /* Impl */,
				D779904F236F14D100CBF9B7 /* UI */,
				D7799055236F14D100CBF9B7 /* Utils */,
			);
			path = NimbleCore;
			sourceTree = "<group>";
		};
		D779904F236F14D100CBF9B7 /* UI */ = {
			isa = PBXGroup;
			children = (
				D7799050236F14D100CBF9B7 /* XibView.swift */,
				D7799051236F14D100CBF9B7 /* NSViewController.swift */,
				D7799052236F14D100CBF9B7 /* NSViewExtensions.swift */,
				D73C4F832391B55100B00066 /* NSMenu.swift */,
				0C0DB76023D08C1800E957DC /* NSImage.swift */,
			);
			path = UI;
			sourceTree = "<group>";
		};
		D7799055236F14D100CBF9B7 /* Utils */ = {
			isa = PBXGroup;
			children = (
				E460BE2B23F494C6003317AC /* Algorithms.swift */,
				D7799056236F14D100CBF9B7 /* Atomic.swift */,
				D724C5E1237A21D100E80958 /* Observer.swift */,
				D724C5E3237B18A900E80958 /* WeakRef.swift */,
				D74A7F5423972382006E0238 /* KeyPathDecodable.swift */,
			);
			path = Utils;
			sourceTree = "<group>";
		};
		D7CBF7C2222878F10088715C = {
			isa = PBXGroup;
			children = (
				D7CBF7CD222878F10088715C /* Nimble */,
				D7798FAB236F14D100CBF9B7 /* NimbleCore */,
				D7CBF8AE2229268C0088715C /* Sources */,
				D7CBF7CC222878F10088715C /* Products */,
				D722326A22CC10E900E471C2 /* Plugins */,
				D751F28622F8818300D33972 /* Dependencies */,
				E4326A5223E3043C005C6105 /* Frameworks */,
			);
			sourceTree = "<group>";
		};
		D7CBF7CC222878F10088715C /* Products */ = {
			isa = PBXGroup;
			children = (
				D7CBF7CB222878F10088715C /* Nimble.app */,
				D7798F75236F12E600CBF9B7 /* NimbleCore.framework */,
			);
			name = Products;
			sourceTree = "<group>";
		};
		D7CBF7CD222878F10088715C /* Nimble */ = {
			isa = PBXGroup;
			children = (
				D7CBF7D2222878F40088715C /* Assets.xcassets */,
				D7CBF7D4222878F40088715C /* Main.storyboard */,
				D7CBF7D7222878F40088715C /* Info.plist */,
			);
			path = Nimble;
			sourceTree = "<group>";
		};
		D7CBF8AE2229268C0088715C /* Sources */ = {
			isa = PBXGroup;
			children = (
				D72F959D222DF2F4009F2EC3 /* Controls */,
				D721CFA42385EC1800FD1B00 /* Extensions */,
				D7CBF8AF2229280E0088715C /* NimbleWorkbench.swift */,
				0CB6607722F41D1500CBB386 /* NimbleController.swift */,
				0C2C1A4722F176B200AC2E5D /* ProjectDocument.swift */,
				D78BCB05222B4DE300AE0A9C /* AppDelegate.swift */,
				0CA297B323A903340025A4EF /* BinaryFileDocument.swift */,
			);
			path = Sources;
			sourceTree = "<group>";
		};
		D7D46157238ECCE20090FC34 /* Products */ = {
			isa = PBXGroup;
			children = (
				D7D4615D238ECCE20090FC34 /* KPCTabsControl.framework */,
			);
			name = Products;
			sourceTree = "<group>";
		};
		E4326A5223E3043C005C6105 /* Frameworks */ = {
			isa = PBXGroup;
			children = (
			);
			name = Frameworks;
			sourceTree = "<group>";
		};
/* End PBXGroup section */

/* Begin PBXHeadersBuildPhase section */
		D7798F70236F12E600CBF9B7 /* Headers */ = {
			isa = PBXHeadersBuildPhase;
			buildActionMask = 2147483647;
			files = (
			);
			runOnlyForDeploymentPostprocessing = 0;
		};
/* End PBXHeadersBuildPhase section */

/* Begin PBXNativeTarget section */
		D7798F74236F12E600CBF9B7 /* NimbleCore */ = {
			isa = PBXNativeTarget;
			buildConfigurationList = D7798F7A236F12E600CBF9B7 /* Build configuration list for PBXNativeTarget "NimbleCore" */;
			buildPhases = (
				D7798F70236F12E600CBF9B7 /* Headers */,
				D7798F71236F12E600CBF9B7 /* Sources */,
				D7798F72236F12E600CBF9B7 /* Frameworks */,
				D7798F73236F12E600CBF9B7 /* Resources */,
			);
			buildRules = (
			);
			dependencies = (
			);
			name = NimbleCore;
			packageProductDependencies = (
				D779912C236F169400CBF9B7 /* Path */,
				D779912F236F16AE00CBF9B7 /* Yams */,
			);
			productName = NimbleCore;
			productReference = D7798F75236F12E600CBF9B7 /* NimbleCore.framework */;
			productType = "com.apple.product-type.framework";
		};
		D7CBF7CA222878F10088715C /* Nimble */ = {
			isa = PBXNativeTarget;
			buildConfigurationList = D7CBF7E6222878F40088715C /* Build configuration list for PBXNativeTarget "Nimble" */;
			buildPhases = (
				D7CBF7C7222878F10088715C /* Sources */,
				D7CBF7C8222878F10088715C /* Frameworks */,
				D7CBF7C9222878F10088715C /* Resources */,
				D722326422CC10A100E471C2 /* Embed PlugIns */,
				E42DC02E22CE3C3300486CC1 /* Embed Frameworks */,
			);
			buildRules = (
			);
			dependencies = (
				D7798F9D236F131900CBF9B7 /* PBXTargetDependency */,
			);
			name = Nimble;
			packageProductDependencies = (
			);
			productName = Nimble;
			productReference = D7CBF7CB222878F10088715C /* Nimble.app */;
			productType = "com.apple.product-type.application";
		};
/* End PBXNativeTarget section */

/* Begin PBXProject section */
		D7CBF7C3222878F10088715C /* Project object */ = {
			isa = PBXProject;
			attributes = {
				LastSwiftUpdateCheck = 1010;
				LastUpgradeCheck = 1010;
				ORGANIZATIONNAME = SCADE;
				TargetAttributes = {
					D7798F74236F12E600CBF9B7 = {
						CreatedOnToolsVersion = 11.2;
					};
					D7CBF7CA222878F10088715C = {
						CreatedOnToolsVersion = 10.1;
						SystemCapabilities = {
							com.apple.HardenedRuntime = {
								enabled = 0;
							};
							com.apple.Sandbox = {
								enabled = 0;
							};
						};
					};
				};
			};
			buildConfigurationList = D7CBF7C6222878F10088715C /* Build configuration list for PBXProject "Nimble" */;
			compatibilityVersion = "Xcode 9.3";
			developmentRegion = en;
			hasScannedForEncodings = 0;
			knownRegions = (
				en,
				Base,
			);
			mainGroup = D7CBF7C2222878F10088715C;
			packageReferences = (
				D779912B236F169400CBF9B7 /* XCRemoteSwiftPackageReference "Path.swift" */,
				D779912E236F16AE00CBF9B7 /* XCRemoteSwiftPackageReference "Yams" */,
			);
			productRefGroup = D7CBF7CC222878F10088715C /* Products */;
			projectDirPath = "";
			projectReferences = (
				{
					ProductGroup = D7D46157238ECCE20090FC34 /* Products */;
					ProjectRef = D751F28722F881B800D33972 /* KPCTabsControl.xcodeproj */;
				},
			);
			projectRoot = "";
			targets = (
				D7CBF7CA222878F10088715C /* Nimble */,
				D7798F74236F12E600CBF9B7 /* NimbleCore */,
			);
		};
/* End PBXProject section */

/* Begin PBXReferenceProxy section */
		D7D4615D238ECCE20090FC34 /* KPCTabsControl.framework */ = {
			isa = PBXReferenceProxy;
			fileType = wrapper.framework;
			path = KPCTabsControl.framework;
			remoteRef = D7D4615C238ECCE20090FC34 /* PBXContainerItemProxy */;
			sourceTree = BUILT_PRODUCTS_DIR;
		};
/* End PBXReferenceProxy section */

/* Begin PBXResourcesBuildPhase section */
		D7798F73236F12E600CBF9B7 /* Resources */ = {
			isa = PBXResourcesBuildPhase;
			buildActionMask = 2147483647;
			files = (
			);
			runOnlyForDeploymentPostprocessing = 0;
		};
		D7CBF7C9222878F10088715C /* Resources */ = {
			isa = PBXResourcesBuildPhase;
			buildActionMask = 2147483647;
			files = (
				D72F959C222DF2D9009F2EC3 /* WorkbenchSidebar.xib in Resources */,
				D7CBF7D6222878F40088715C /* Main.storyboard in Resources */,
				D724C5F3237C418B00E80958 /* ConsoleView.xib in Resources */,
				0C6B8FAF2339F46600B0FA48 /* UnsupportedPane.xib in Resources */,
				D724C5EE237C418B00E80958 /* TabbedEditor.xib in Resources */,
				0C238B12233E4E3D004F87E7 /* Assets.xcassets in Resources */,
			);
			runOnlyForDeploymentPostprocessing = 0;
		};
/* End PBXResourcesBuildPhase section */

/* Begin PBXSourcesBuildPhase section */
		D7798F71236F12E600CBF9B7 /* Sources */ = {
			isa = PBXSourcesBuildPhase;
			buildActionMask = 2147483647;
			files = (
				D77990E1236F14D100CBF9B7 /* Folder.swift in Sources */,
				D724C5E2237A21D100E80958 /* Observer.swift in Sources */,
				D77990E9236F14D100CBF9B7 /* Plugin.swift in Sources */,
				0C0809F923E2E31B00E78444 /* Command.swift in Sources */,
				D77990E4236F14D100CBF9B7 /* File.swift in Sources */,
				D77990DE236F14D100CBF9B7 /* NSViewController.swift in Sources */,
				D77990E3236F14D100CBF9B7 /* Project.swift in Sources */,
				D75DAE6523ABBD260017DEE2 /* Diagnostic.swift in Sources */,
				D77990E8236F14D100CBF9B7 /* Workbench.swift in Sources */,
				E460BE2D23F494C6003317AC /* Algorithms.swift in Sources */,
				D74A7F5523972382006E0238 /* KeyPathDecodable.swift in Sources */,
				D73BFD8123EB0DBD0096FA99 /* NimbleDocument.swift in Sources */,
				D77990DD236F14D100CBF9B7 /* XibView.swift in Sources */,
				D77990E2236F14D100CBF9B7 /* Atomic.swift in Sources */,
				D72CEB442371D5C600C13F01 /* RandomAccessCollection.swift in Sources */,
				D77990DF236F14D100CBF9B7 /* NSViewExtensions.swift in Sources */,
				D77990E6236F14D100CBF9B7 /* Core.swift in Sources */,
				D77990E0236F14D100CBF9B7 /* Console.swift in Sources */,
				D73C4F842391B55100B00066 /* NSMenu.swift in Sources */,
				D724C5E4237B18A900E80958 /* WeakRef.swift in Sources */,
				0C0DB76123D08C1800E957DC /* NSImage.swift in Sources */,
				D77990E5236F14D100CBF9B7 /* Document.swift in Sources */,
			);
			runOnlyForDeploymentPostprocessing = 0;
		};
		D7CBF7C7222878F10088715C /* Sources */ = {
			isa = PBXSourcesBuildPhase;
			buildActionMask = 2147483647;
			files = (
				0C2C1A4822F176B200AC2E5D /* ProjectDocument.swift in Sources */,
				D72F959F222DF7AF009F2EC3 /* WorkbenchSidebar.swift in Sources */,
				D79BE0BD2385AD4000D96619 /* NimbleController.swift in Sources */,
				D724C5F2237C418B00E80958 /* TabbedEditor.swift in Sources */,
				0CA297B423A903340025A4EF /* BinaryFileDocument.swift in Sources */,
				0CD0FB3B23A39E8D003B01DE /* RootSplitView.swift in Sources */,
				D788ED452239C2750072C21E /* NimbleWorkbench.swift in Sources */,
				0C6B8FAC2339F43C00B0FA48 /* UnsupportedPane.swift in Sources */,
				D724C5EF237C418B00E80958 /* ConsoleView.swift in Sources */,
				0CD0FB3723A39503003B01DE /* StatusBarView.swift in Sources */,
				D721CFA72385EC3200FD1B00 /* NSOpenPanel.swift in Sources */,
				D72F9587222CAC3C009F2EC3 /* AppDelegate.swift in Sources */,
				D7D461652390083C0090FC34 /* Document.swift in Sources */,
				D724C5F1237C418B00E80958 /* NavigatorView.swift in Sources */,
				D724C5F4237C418B00E80958 /* DebugView.swift in Sources */,
				0CD0FB4623A776BD003B01DE /* EditorSplitView.swift in Sources */,
				D724C5F0237C418B00E80958 /* DropView.swift in Sources */,
			);
			runOnlyForDeploymentPostprocessing = 0;
		};
/* End PBXSourcesBuildPhase section */

/* Begin PBXTargetDependency section */
		D7798F9D236F131900CBF9B7 /* PBXTargetDependency */ = {
			isa = PBXTargetDependency;
			target = D7798F74236F12E600CBF9B7 /* NimbleCore */;
			targetProxy = D7798F9C236F131900CBF9B7 /* PBXContainerItemProxy */;
		};
/* End PBXTargetDependency section */

/* Begin PBXVariantGroup section */
		D7CBF7D4222878F40088715C /* Main.storyboard */ = {
			isa = PBXVariantGroup;
			children = (
				D7CBF7D5222878F40088715C /* Base */,
			);
			name = Main.storyboard;
			sourceTree = "<group>";
		};
/* End PBXVariantGroup section */

/* Begin XCBuildConfiguration section */
		D7798F7B236F12E600CBF9B7 /* Debug */ = {
			isa = XCBuildConfiguration;
			buildSettings = {
				CODE_SIGN_STYLE = Automatic;
				COMBINE_HIDPI_IMAGES = YES;
				CURRENT_PROJECT_VERSION = 1;
				DEFINES_MODULE = YES;
				DYLIB_COMPATIBILITY_VERSION = 1;
				DYLIB_CURRENT_VERSION = 1;
				DYLIB_INSTALL_NAME_BASE = "@rpath";
				INFOPLIST_FILE = NimbleCore/Info.plist;
				INSTALL_PATH = "$(LOCAL_LIBRARY_DIR)/Frameworks";
				LD_RUNPATH_SEARCH_PATHS = (
					"$(inherited)",
					"@executable_path/../Frameworks",
					"@loader_path/Frameworks",
				);
				PRODUCT_BUNDLE_IDENTIFIER = com.scade.NimbleCore;
				PRODUCT_NAME = "$(TARGET_NAME:c99extidentifier)";
				SKIP_INSTALL = YES;
				SWIFT_INSTALL_OBJC_HEADER = NO;
				SWIFT_OBJC_BRIDGING_HEADER = "";
				SWIFT_PRECOMPILE_BRIDGING_HEADER = YES;
				SWIFT_VERSION = 5.0;
				VERSIONING_SYSTEM = "apple-generic";
				VERSION_INFO_PREFIX = "";
			};
			name = Debug;
		};
		D7798F7C236F12E600CBF9B7 /* Release */ = {
			isa = XCBuildConfiguration;
			buildSettings = {
				CODE_SIGN_STYLE = Automatic;
				COMBINE_HIDPI_IMAGES = YES;
				CURRENT_PROJECT_VERSION = 1;
				DEFINES_MODULE = YES;
				DYLIB_COMPATIBILITY_VERSION = 1;
				DYLIB_CURRENT_VERSION = 1;
				DYLIB_INSTALL_NAME_BASE = "@rpath";
				INFOPLIST_FILE = NimbleCore/Info.plist;
				INSTALL_PATH = "$(LOCAL_LIBRARY_DIR)/Frameworks";
				LD_RUNPATH_SEARCH_PATHS = (
					"$(inherited)",
					"@executable_path/../Frameworks",
					"@loader_path/Frameworks",
				);
				PRODUCT_BUNDLE_IDENTIFIER = com.scade.NimbleCore;
				PRODUCT_NAME = "$(TARGET_NAME:c99extidentifier)";
				SKIP_INSTALL = YES;
				SWIFT_INSTALL_OBJC_HEADER = NO;
				SWIFT_OBJC_BRIDGING_HEADER = "";
				SWIFT_PRECOMPILE_BRIDGING_HEADER = YES;
				SWIFT_VERSION = 5.0;
				VERSIONING_SYSTEM = "apple-generic";
				VERSION_INFO_PREFIX = "";
			};
			name = Release;
		};
		D7CBF7E4222878F40088715C /* Debug */ = {
			isa = XCBuildConfiguration;
			buildSettings = {
				ALWAYS_SEARCH_USER_PATHS = NO;
				CLANG_ANALYZER_NONNULL = YES;
				CLANG_ANALYZER_NUMBER_OBJECT_CONVERSION = YES_AGGRESSIVE;
				CLANG_CXX_LANGUAGE_STANDARD = "gnu++14";
				CLANG_CXX_LIBRARY = "libc++";
				CLANG_ENABLE_MODULES = YES;
				CLANG_ENABLE_OBJC_ARC = YES;
				CLANG_ENABLE_OBJC_WEAK = YES;
				CLANG_WARN_BLOCK_CAPTURE_AUTORELEASING = YES;
				CLANG_WARN_BOOL_CONVERSION = YES;
				CLANG_WARN_COMMA = YES;
				CLANG_WARN_CONSTANT_CONVERSION = YES;
				CLANG_WARN_DEPRECATED_OBJC_IMPLEMENTATIONS = YES;
				CLANG_WARN_DIRECT_OBJC_ISA_USAGE = YES_ERROR;
				CLANG_WARN_DOCUMENTATION_COMMENTS = YES;
				CLANG_WARN_EMPTY_BODY = YES;
				CLANG_WARN_ENUM_CONVERSION = YES;
				CLANG_WARN_INFINITE_RECURSION = YES;
				CLANG_WARN_INT_CONVERSION = YES;
				CLANG_WARN_NON_LITERAL_NULL_CONVERSION = YES;
				CLANG_WARN_OBJC_IMPLICIT_RETAIN_SELF = YES;
				CLANG_WARN_OBJC_LITERAL_CONVERSION = YES;
				CLANG_WARN_OBJC_ROOT_CLASS = YES_ERROR;
				CLANG_WARN_RANGE_LOOP_ANALYSIS = YES;
				CLANG_WARN_STRICT_PROTOTYPES = YES;
				CLANG_WARN_SUSPICIOUS_MOVE = YES;
				CLANG_WARN_UNGUARDED_AVAILABILITY = YES_AGGRESSIVE;
				CLANG_WARN_UNREACHABLE_CODE = YES;
				CLANG_WARN__DUPLICATE_METHOD_MATCH = YES;
				CODE_SIGN_IDENTITY = "-";
				COPY_PHASE_STRIP = NO;
				DEBUG_INFORMATION_FORMAT = dwarf;
				ENABLE_STRICT_OBJC_MSGSEND = YES;
				ENABLE_TESTABILITY = YES;
				GCC_C_LANGUAGE_STANDARD = gnu11;
				GCC_DYNAMIC_NO_PIC = NO;
				GCC_NO_COMMON_BLOCKS = YES;
				GCC_OPTIMIZATION_LEVEL = 0;
				GCC_PREPROCESSOR_DEFINITIONS = (
					"DEBUG=1",
					"$(inherited)",
				);
				GCC_WARN_64_TO_32_BIT_CONVERSION = YES;
				GCC_WARN_ABOUT_RETURN_TYPE = YES_ERROR;
				GCC_WARN_UNDECLARED_SELECTOR = YES;
				GCC_WARN_UNINITIALIZED_AUTOS = YES_AGGRESSIVE;
				GCC_WARN_UNUSED_FUNCTION = YES;
				GCC_WARN_UNUSED_VARIABLE = YES;
				MACOSX_DEPLOYMENT_TARGET = 10.14;
				MTL_ENABLE_DEBUG_INFO = INCLUDE_SOURCE;
				MTL_FAST_MATH = YES;
				ONLY_ACTIVE_ARCH = YES;
				SDKROOT = macosx;
				SWIFT_ACTIVE_COMPILATION_CONDITIONS = DEBUG;
				SWIFT_OPTIMIZATION_LEVEL = "-Onone";
			};
			name = Debug;
		};
		D7CBF7E5222878F40088715C /* Release */ = {
			isa = XCBuildConfiguration;
			buildSettings = {
				ALWAYS_SEARCH_USER_PATHS = NO;
				CLANG_ANALYZER_NONNULL = YES;
				CLANG_ANALYZER_NUMBER_OBJECT_CONVERSION = YES_AGGRESSIVE;
				CLANG_CXX_LANGUAGE_STANDARD = "gnu++14";
				CLANG_CXX_LIBRARY = "libc++";
				CLANG_ENABLE_MODULES = YES;
				CLANG_ENABLE_OBJC_ARC = YES;
				CLANG_ENABLE_OBJC_WEAK = YES;
				CLANG_WARN_BLOCK_CAPTURE_AUTORELEASING = YES;
				CLANG_WARN_BOOL_CONVERSION = YES;
				CLANG_WARN_COMMA = YES;
				CLANG_WARN_CONSTANT_CONVERSION = YES;
				CLANG_WARN_DEPRECATED_OBJC_IMPLEMENTATIONS = YES;
				CLANG_WARN_DIRECT_OBJC_ISA_USAGE = YES_ERROR;
				CLANG_WARN_DOCUMENTATION_COMMENTS = YES;
				CLANG_WARN_EMPTY_BODY = YES;
				CLANG_WARN_ENUM_CONVERSION = YES;
				CLANG_WARN_INFINITE_RECURSION = YES;
				CLANG_WARN_INT_CONVERSION = YES;
				CLANG_WARN_NON_LITERAL_NULL_CONVERSION = YES;
				CLANG_WARN_OBJC_IMPLICIT_RETAIN_SELF = YES;
				CLANG_WARN_OBJC_LITERAL_CONVERSION = YES;
				CLANG_WARN_OBJC_ROOT_CLASS = YES_ERROR;
				CLANG_WARN_RANGE_LOOP_ANALYSIS = YES;
				CLANG_WARN_STRICT_PROTOTYPES = YES;
				CLANG_WARN_SUSPICIOUS_MOVE = YES;
				CLANG_WARN_UNGUARDED_AVAILABILITY = YES_AGGRESSIVE;
				CLANG_WARN_UNREACHABLE_CODE = YES;
				CLANG_WARN__DUPLICATE_METHOD_MATCH = YES;
				CODE_SIGN_IDENTITY = "-";
				COPY_PHASE_STRIP = NO;
				DEBUG_INFORMATION_FORMAT = "dwarf-with-dsym";
				ENABLE_NS_ASSERTIONS = NO;
				ENABLE_STRICT_OBJC_MSGSEND = YES;
				GCC_C_LANGUAGE_STANDARD = gnu11;
				GCC_NO_COMMON_BLOCKS = YES;
				GCC_WARN_64_TO_32_BIT_CONVERSION = YES;
				GCC_WARN_ABOUT_RETURN_TYPE = YES_ERROR;
				GCC_WARN_UNDECLARED_SELECTOR = YES;
				GCC_WARN_UNINITIALIZED_AUTOS = YES_AGGRESSIVE;
				GCC_WARN_UNUSED_FUNCTION = YES;
				GCC_WARN_UNUSED_VARIABLE = YES;
				MACOSX_DEPLOYMENT_TARGET = 10.14;
				MTL_ENABLE_DEBUG_INFO = NO;
				MTL_FAST_MATH = YES;
				SDKROOT = macosx;
				SWIFT_COMPILATION_MODE = wholemodule;
				SWIFT_OPTIMIZATION_LEVEL = "-O";
			};
			name = Release;
		};
		D7CBF7E7222878F40088715C /* Debug */ = {
			isa = XCBuildConfiguration;
			buildSettings = {
				ALWAYS_EMBED_SWIFT_STANDARD_LIBRARIES = YES;
				ASSETCATALOG_COMPILER_APPICON_NAME = AppIcon;
				CODE_SIGN_IDENTITY = "";
				CODE_SIGN_STYLE = Manual;
				COMBINE_HIDPI_IMAGES = YES;
				DEVELOPMENT_TEAM = "";
				FRAMEWORK_SEARCH_PATHS = (
					"$(inherited)",
					"$(SRCROOT)/../Plugins/InterfaceBuilder/InterfaceBuilder/Libraries",
				);
				INFOPLIST_FILE = Nimble/Info.plist;
				LD_RUNPATH_SEARCH_PATHS = (
					"$(inherited)",
					"@executable_path/../Frameworks",
				);
				PRODUCT_BUNDLE_IDENTIFIER = com.scade.Nimble;
				PRODUCT_NAME = "$(TARGET_NAME)";
				PROVISIONING_PROFILE_SPECIFIER = "";
				SWIFT_VERSION = 4.2;
			};
			name = Debug;
		};
		D7CBF7E8222878F40088715C /* Release */ = {
			isa = XCBuildConfiguration;
			buildSettings = {
				ALWAYS_EMBED_SWIFT_STANDARD_LIBRARIES = YES;
				ASSETCATALOG_COMPILER_APPICON_NAME = AppIcon;
				CODE_SIGN_IDENTITY = "";
				CODE_SIGN_STYLE = Manual;
				COMBINE_HIDPI_IMAGES = YES;
				DEVELOPMENT_TEAM = "";
				FRAMEWORK_SEARCH_PATHS = (
					"$(inherited)",
					"$(SRCROOT)/../Plugins/InterfaceBuilder/InterfaceBuilder/Libraries",
				);
				INFOPLIST_FILE = Nimble/Info.plist;
				LD_RUNPATH_SEARCH_PATHS = (
					"$(inherited)",
					"@executable_path/../Frameworks",
				);
				PRODUCT_BUNDLE_IDENTIFIER = com.scade.Nimble;
				PRODUCT_NAME = "$(TARGET_NAME)";
				PROVISIONING_PROFILE_SPECIFIER = "";
				SWIFT_VERSION = 4.2;
			};
			name = Release;
		};
/* End XCBuildConfiguration section */

/* Begin XCConfigurationList section */
		D7798F7A236F12E600CBF9B7 /* Build configuration list for PBXNativeTarget "NimbleCore" */ = {
			isa = XCConfigurationList;
			buildConfigurations = (
				D7798F7B236F12E600CBF9B7 /* Debug */,
				D7798F7C236F12E600CBF9B7 /* Release */,
			);
			defaultConfigurationIsVisible = 0;
			defaultConfigurationName = Release;
		};
		D7CBF7C6222878F10088715C /* Build configuration list for PBXProject "Nimble" */ = {
			isa = XCConfigurationList;
			buildConfigurations = (
				D7CBF7E4222878F40088715C /* Debug */,
				D7CBF7E5222878F40088715C /* Release */,
			);
			defaultConfigurationIsVisible = 0;
			defaultConfigurationName = Release;
		};
		D7CBF7E6222878F40088715C /* Build configuration list for PBXNativeTarget "Nimble" */ = {
			isa = XCConfigurationList;
			buildConfigurations = (
				D7CBF7E7222878F40088715C /* Debug */,
				D7CBF7E8222878F40088715C /* Release */,
			);
			defaultConfigurationIsVisible = 0;
			defaultConfigurationName = Release;
		};
/* End XCConfigurationList section */

/* Begin XCRemoteSwiftPackageReference section */
		D779912B236F169400CBF9B7 /* XCRemoteSwiftPackageReference "Path.swift" */ = {
			isa = XCRemoteSwiftPackageReference;
			repositoryURL = "https://github.com/mxcl/Path.swift.git";
			requirement = {
				kind = upToNextMajorVersion;
				minimumVersion = 0.16.3;
			};
		};
		D779912E236F16AE00CBF9B7 /* XCRemoteSwiftPackageReference "Yams" */ = {
			isa = XCRemoteSwiftPackageReference;
			repositoryURL = "https://github.com/jpsim/Yams.git";
			requirement = {
				kind = upToNextMajorVersion;
				minimumVersion = 2.0.0;
			};
		};
/* End XCRemoteSwiftPackageReference section */

/* Begin XCSwiftPackageProductDependency section */
		D779912C236F169400CBF9B7 /* Path */ = {
			isa = XCSwiftPackageProductDependency;
			package = D779912B236F169400CBF9B7 /* XCRemoteSwiftPackageReference "Path.swift" */;
			productName = Path;
		};
		D779912F236F16AE00CBF9B7 /* Yams */ = {
			isa = XCSwiftPackageProductDependency;
			package = D779912E236F16AE00CBF9B7 /* XCRemoteSwiftPackageReference "Yams" */;
			productName = Yams;
		};
/* End XCSwiftPackageProductDependency section */
	};
	rootObject = D7CBF7C3222878F10088715C /* Project object */;
}
