// !$*UTF8*$!
{
	archiveVersion = 1;
	classes = {
	};
	objectVersion = 54;
	objects = {

/* Begin PBXBuildFile section */
		0CB6F12224FFE0DD00960EDA /* SPMWizardView.xib in Resources */ = {isa = PBXBuildFile; fileRef = 0CB6F12124FFE0DD00960EDA /* SPMWizardView.xib */; };
		4C7527A82A12BC4600588823 /* BuildSystemModel.swift in Sources */ = {isa = PBXBuildFile; fileRef = 4C7527A72A12BC4600588823 /* BuildSystemModel.swift */; };
		4C7527AA2A12CA0300588823 /* BuildSystemModelFactory.swift in Sources */ = {isa = PBXBuildFile; fileRef = 4C7527A92A12CA0300588823 /* BuildSystemModelFactory.swift */; };
		D73E894827333F6200EA473C /* SPMWizard.swift in Sources */ = {isa = PBXBuildFile; fileRef = 0CB6F11D24FFDA4000960EDA /* SPMWizard.swift */; };
		D73E894927333F6900EA473C /* SwiftBuildSystem.swift in Sources */ = {isa = PBXBuildFile; fileRef = D766FF26247D6727003646B0 /* SwiftBuildSystem.swift */; };
		D73E894A27333F6E00EA473C /* SPMBuildSystem.swift in Sources */ = {isa = PBXBuildFile; fileRef = D766FF28247D6728003646B0 /* SPMBuildSystem.swift */; };
		D73E894B27333F7400EA473C /* SPMWizardView.swift in Sources */ = {isa = PBXBuildFile; fileRef = 0CB6F12324FFE10100960EDA /* SPMWizardView.swift */; };
		D7BEC81722B915D100A8F48B /* Plugin.swift in Sources */ = {isa = PBXBuildFile; fileRef = D7BEC81622B915D100A8F48B /* Plugin.swift */; };
		D7D4BD4E23FCAFEC0063BD8F /* package.yml in Resources */ = {isa = PBXBuildFile; fileRef = D7D4BD4D23FCAFEC0063BD8F /* package.yml */; };
/* End PBXBuildFile section */

/* Begin PBXFileReference section */
		0CB6F11D24FFDA4000960EDA /* SPMWizard.swift */ = {isa = PBXFileReference; lastKnownFileType = sourcecode.swift; path = SPMWizard.swift; sourceTree = "<group>"; };
		0CB6F12124FFE0DD00960EDA /* SPMWizardView.xib */ = {isa = PBXFileReference; lastKnownFileType = file.xib; path = SPMWizardView.xib; sourceTree = "<group>"; };
		0CB6F12324FFE10100960EDA /* SPMWizardView.swift */ = {isa = PBXFileReference; lastKnownFileType = sourcecode.swift; path = SPMWizardView.swift; sourceTree = "<group>"; };
		4C7527A72A12BC4600588823 /* BuildSystemModel.swift */ = {isa = PBXFileReference; lastKnownFileType = sourcecode.swift; path = BuildSystemModel.swift; sourceTree = "<group>"; };
		4C7527A92A12CA0300588823 /* BuildSystemModelFactory.swift */ = {isa = PBXFileReference; lastKnownFileType = sourcecode.swift; path = BuildSystemModelFactory.swift; sourceTree = "<group>"; };
		D721390A26AB254A00AD426E /* lib_InternalSwiftSyntaxParser.dylib */ = {isa = PBXFileReference; lastKnownFileType = "compiled.mach-o.dylib"; name = lib_InternalSwiftSyntaxParser.dylib; path = Toolchains/XcodeDefault.xctoolchain/usr/lib/swift/macosx/lib_InternalSwiftSyntaxParser.dylib; sourceTree = DEVELOPER_DIR; };
		D766FF26247D6727003646B0 /* SwiftBuildSystem.swift */ = {isa = PBXFileReference; lastKnownFileType = sourcecode.swift; path = SwiftBuildSystem.swift; sourceTree = "<group>"; };
		D766FF28247D6728003646B0 /* SPMBuildSystem.swift */ = {isa = PBXFileReference; indentWidth = 2; lastKnownFileType = sourcecode.swift; path = SPMBuildSystem.swift; sourceTree = "<group>"; tabWidth = 2; };
		D77F337923A4619500E3AFC8 /* bin */ = {isa = PBXFileReference; lastKnownFileType = folder; path = bin; sourceTree = "<group>"; };
		D791747F26F7C4E500935C9F /* build.xcconfig */ = {isa = PBXFileReference; lastKnownFileType = text.xcconfig; path = build.xcconfig; sourceTree = "<group>"; };
		D7BEC80C22B9158B00A8F48B /* SwiftExtensions.plugin */ = {isa = PBXFileReference; explicitFileType = wrapper.cfbundle; includeInIndex = 0; path = SwiftExtensions.plugin; sourceTree = BUILT_PRODUCTS_DIR; };
		D7BEC81622B915D100A8F48B /* Plugin.swift */ = {isa = PBXFileReference; indentWidth = 2; lastKnownFileType = sourcecode.swift; path = Plugin.swift; sourceTree = "<group>"; tabWidth = 2; };
		D7D4BD4D23FCAFEC0063BD8F /* package.yml */ = {isa = PBXFileReference; fileEncoding = 4; lastKnownFileType = text.yaml; path = package.yml; sourceTree = "<group>"; };
		D7EC1376239EFC6D00DA0DA0 /* Info.plist */ = {isa = PBXFileReference; fileEncoding = 4; lastKnownFileType = text.plist.xml; path = Info.plist; sourceTree = "<group>"; };
/* End PBXFileReference section */

/* Begin PBXFrameworksBuildPhase section */
		D7BEC80922B9158B00A8F48B /* Frameworks */ = {
			isa = PBXFrameworksBuildPhase;
			buildActionMask = 2147483647;
			files = (
			);
			runOnlyForDeploymentPostprocessing = 0;
		};
/* End PBXFrameworksBuildPhase section */

/* Begin PBXGroup section */
		4C7527A62A12BBC900588823 /* BuildSystemModel */ = {
			isa = PBXGroup;
			children = (
				4C7527A72A12BC4600588823 /* BuildSystemModel.swift */,
				4C7527A92A12CA0300588823 /* BuildSystemModelFactory.swift */,
			);
			path = BuildSystemModel;
			sourceTree = "<group>";
		};
		D79820C325365CBD000F6AD1 /* Libraries */ = {
			isa = PBXGroup;
			children = (
				D721390A26AB254A00AD426E /* lib_InternalSwiftSyntaxParser.dylib */,
			);
			name = Libraries;
			sourceTree = "<group>";
		};
		D7BEC80322B9158B00A8F48B = {
			isa = PBXGroup;
			children = (
				D7EC1376239EFC6D00DA0DA0 /* Info.plist */,
				D791747F26F7C4E500935C9F /* build.xcconfig */,
				D7D4BD4D23FCAFEC0063BD8F /* package.yml */,
				D79820C325365CBD000F6AD1 /* Libraries */,
				D7BEC80D22B9158B00A8F48B /* Products */,
				D7EC1388239F0D6200DA0DA0 /* Resources */,
				D7BEC81522B915BB00A8F48B /* Sources */,
			);
			sourceTree = "<group>";
		};
		D7BEC80D22B9158B00A8F48B /* Products */ = {
			isa = PBXGroup;
			children = (
				D7BEC80C22B9158B00A8F48B /* SwiftExtensions.plugin */,
			);
			name = Products;
			sourceTree = "<group>";
		};
		D7BEC81522B915BB00A8F48B /* Sources */ = {
			isa = PBXGroup;
			children = (
				4C7527A62A12BBC900588823 /* BuildSystemModel */,
				D7BEC81622B915D100A8F48B /* Plugin.swift */,
				D766FF28247D6728003646B0 /* SPMBuildSystem.swift */,
				0CB6F11D24FFDA4000960EDA /* SPMWizard.swift */,
				0CB6F12324FFE10100960EDA /* SPMWizardView.swift */,
				D766FF26247D6727003646B0 /* SwiftBuildSystem.swift */,
				0CB6F12124FFE0DD00960EDA /* SPMWizardView.xib */,
			);
			path = Sources;
			sourceTree = "<group>";
		};
		D7EC1388239F0D6200DA0DA0 /* Resources */ = {
			isa = PBXGroup;
			children = (
				D77F337923A4619500E3AFC8 /* bin */,
			);
			name = Resources;
			sourceTree = "<group>";
		};
/* End PBXGroup section */

/* Begin PBXNativeTarget section */
		D7BEC80B22B9158B00A8F48B /* SwiftExtensions.plugin */ = {
			isa = PBXNativeTarget;
			buildConfigurationList = D7BEC81222B9158B00A8F48B /* Build configuration list for PBXNativeTarget "SwiftExtensions.plugin" */;
			buildPhases = (
				D784C5B626C58C3D0040D961 /* ShellScript */,
				D7BEC80822B9158B00A8F48B /* Sources */,
				D7BEC80922B9158B00A8F48B /* Frameworks */,
				D7BEC80A22B9158B00A8F48B /* Resources */,
			);
			buildRules = (
			);
			dependencies = (
			);
			name = SwiftExtensions.plugin;
			packageProductDependencies = (
			);
			productName = SwiftExtensions;
			productReference = D7BEC80C22B9158B00A8F48B /* SwiftExtensions.plugin */;
			productType = "com.apple.product-type.bundle";
		};
/* End PBXNativeTarget section */

/* Begin PBXProject section */
		D7BEC80422B9158B00A8F48B /* Project object */ = {
			isa = PBXProject;
			attributes = {
				LastUpgradeCheck = 1020;
				ORGANIZATIONNAME = SCADE;
				TargetAttributes = {
					D7BEC80B22B9158B00A8F48B = {
						CreatedOnToolsVersion = 10.2.1;
						LastSwiftMigration = 1020;
					};
				};
			};
			buildConfigurationList = D7BEC80722B9158B00A8F48B /* Build configuration list for PBXProject "SwiftExtensions" */;
			compatibilityVersion = "Xcode 9.3";
			developmentRegion = en;
			hasScannedForEncodings = 0;
			knownRegions = (
				en,
			);
			mainGroup = D7BEC80322B9158B00A8F48B;
			packageReferences = (
			);
			productRefGroup = D7BEC80D22B9158B00A8F48B /* Products */;
			projectDirPath = "";
			projectRoot = "";
			targets = (
				D7BEC80B22B9158B00A8F48B /* SwiftExtensions.plugin */,
			);
		};
/* End PBXProject section */

/* Begin PBXResourcesBuildPhase section */
		D7BEC80A22B9158B00A8F48B /* Resources */ = {
			isa = PBXResourcesBuildPhase;
			buildActionMask = 2147483647;
			files = (
				D7D4BD4E23FCAFEC0063BD8F /* package.yml in Resources */,
				0CB6F12224FFE0DD00960EDA /* SPMWizardView.xib in Resources */,
			);
			runOnlyForDeploymentPostprocessing = 0;
		};
/* End PBXResourcesBuildPhase section */

/* Begin PBXShellScriptBuildPhase section */
		D784C5B626C58C3D0040D961 /* ShellScript */ = {
			isa = PBXShellScriptBuildPhase;
			alwaysOutOfDate = 1;
			buildActionMask = 2147483647;
			files = (
			);
			inputFileListPaths = (
			);
			inputPaths = (
			);
			outputFileListPaths = (
			);
			outputPaths = (
			);
			runOnlyForDeploymentPostprocessing = 0;
			shellPath = /bin/sh;
			shellScript = "# Build plugin's SPM package\n${PROJECT_DIR}/../../build-plugin-package.sh\n";
		};
/* End PBXShellScriptBuildPhase section */

/* Begin PBXSourcesBuildPhase section */
		D7BEC80822B9158B00A8F48B /* Sources */ = {
			isa = PBXSourcesBuildPhase;
			buildActionMask = 2147483647;
			files = (
				4C7527A82A12BC4600588823 /* BuildSystemModel.swift in Sources */,
				D73E894A27333F6E00EA473C /* SPMBuildSystem.swift in Sources */,
				D7BEC81722B915D100A8F48B /* Plugin.swift in Sources */,
				D73E894B27333F7400EA473C /* SPMWizardView.swift in Sources */,
				4C7527AA2A12CA0300588823 /* BuildSystemModelFactory.swift in Sources */,
				D73E894827333F6200EA473C /* SPMWizard.swift in Sources */,
				D73E894927333F6900EA473C /* SwiftBuildSystem.swift in Sources */,
			);
			runOnlyForDeploymentPostprocessing = 0;
		};
/* End PBXSourcesBuildPhase section */

/* Begin XCBuildConfiguration section */
		D7BEC81022B9158B00A8F48B /* Debug */ = {
			isa = XCBuildConfiguration;
			buildSettings = {
				ALWAYS_SEARCH_USER_PATHS = NO;
				CLANG_ANALYZER_NONNULL = YES;
				CLANG_ANALYZER_NUMBER_OBJECT_CONVERSION = YES_AGGRESSIVE;
				CLANG_CXX_LANGUAGE_STANDARD = "gnu++14";
				CLANG_CXX_LIBRARY = "libc++";
				CLANG_ENABLE_MODULES = YES;
				CLANG_ENABLE_OBJC_ARC = YES;
				CLANG_ENABLE_OBJC_WEAK = YES;
				CLANG_WARN_BLOCK_CAPTURE_AUTORELEASING = YES;
				CLANG_WARN_BOOL_CONVERSION = YES;
				CLANG_WARN_COMMA = YES;
				CLANG_WARN_CONSTANT_CONVERSION = YES;
				CLANG_WARN_DEPRECATED_OBJC_IMPLEMENTATIONS = YES;
				CLANG_WARN_DIRECT_OBJC_ISA_USAGE = YES_ERROR;
				CLANG_WARN_DOCUMENTATION_COMMENTS = YES;
				CLANG_WARN_EMPTY_BODY = YES;
				CLANG_WARN_ENUM_CONVERSION = YES;
				CLANG_WARN_INFINITE_RECURSION = YES;
				CLANG_WARN_INT_CONVERSION = YES;
				CLANG_WARN_NON_LITERAL_NULL_CONVERSION = YES;
				CLANG_WARN_OBJC_IMPLICIT_RETAIN_SELF = YES;
				CLANG_WARN_OBJC_LITERAL_CONVERSION = YES;
				CLANG_WARN_OBJC_ROOT_CLASS = YES_ERROR;
				CLANG_WARN_RANGE_LOOP_ANALYSIS = YES;
				CLANG_WARN_STRICT_PROTOTYPES = YES;
				CLANG_WARN_SUSPICIOUS_MOVE = YES;
				CLANG_WARN_UNGUARDED_AVAILABILITY = YES_AGGRESSIVE;
				CLANG_WARN_UNREACHABLE_CODE = YES;
				CLANG_WARN__DUPLICATE_METHOD_MATCH = YES;
				CODE_SIGN_IDENTITY = "-";
				COPY_PHASE_STRIP = NO;
				DEBUG_INFORMATION_FORMAT = dwarf;
				ENABLE_STRICT_OBJC_MSGSEND = YES;
				ENABLE_TESTABILITY = YES;
				GCC_C_LANGUAGE_STANDARD = gnu11;
				GCC_DYNAMIC_NO_PIC = NO;
				GCC_NO_COMMON_BLOCKS = YES;
				GCC_OPTIMIZATION_LEVEL = 0;
				GCC_PREPROCESSOR_DEFINITIONS = (
					"DEBUG=1",
					"$(inherited)",
				);
				GCC_WARN_64_TO_32_BIT_CONVERSION = YES;
				GCC_WARN_ABOUT_RETURN_TYPE = YES_ERROR;
				GCC_WARN_UNDECLARED_SELECTOR = YES;
				GCC_WARN_UNINITIALIZED_AUTOS = YES_AGGRESSIVE;
				GCC_WARN_UNUSED_FUNCTION = YES;
				GCC_WARN_UNUSED_VARIABLE = YES;
				MACOSX_DEPLOYMENT_TARGET = 10.14;
				MTL_ENABLE_DEBUG_INFO = INCLUDE_SOURCE;
				MTL_FAST_MATH = YES;
				ONLY_ACTIVE_ARCH = YES;
				OTHER_SWIFT_FLAGS = "";
				SDKROOT = macosx;
			};
			name = Debug;
		};
		D7BEC81122B9158B00A8F48B /* Release */ = {
			isa = XCBuildConfiguration;
			buildSettings = {
				ALWAYS_SEARCH_USER_PATHS = NO;
				CLANG_ANALYZER_NONNULL = YES;
				CLANG_ANALYZER_NUMBER_OBJECT_CONVERSION = YES_AGGRESSIVE;
				CLANG_CXX_LANGUAGE_STANDARD = "gnu++14";
				CLANG_CXX_LIBRARY = "libc++";
				CLANG_ENABLE_MODULES = YES;
				CLANG_ENABLE_OBJC_ARC = YES;
				CLANG_ENABLE_OBJC_WEAK = YES;
				CLANG_WARN_BLOCK_CAPTURE_AUTORELEASING = YES;
				CLANG_WARN_BOOL_CONVERSION = YES;
				CLANG_WARN_COMMA = YES;
				CLANG_WARN_CONSTANT_CONVERSION = YES;
				CLANG_WARN_DEPRECATED_OBJC_IMPLEMENTATIONS = YES;
				CLANG_WARN_DIRECT_OBJC_ISA_USAGE = YES_ERROR;
				CLANG_WARN_DOCUMENTATION_COMMENTS = YES;
				CLANG_WARN_EMPTY_BODY = YES;
				CLANG_WARN_ENUM_CONVERSION = YES;
				CLANG_WARN_INFINITE_RECURSION = YES;
				CLANG_WARN_INT_CONVERSION = YES;
				CLANG_WARN_NON_LITERAL_NULL_CONVERSION = YES;
				CLANG_WARN_OBJC_IMPLICIT_RETAIN_SELF = YES;
				CLANG_WARN_OBJC_LITERAL_CONVERSION = YES;
				CLANG_WARN_OBJC_ROOT_CLASS = YES_ERROR;
				CLANG_WARN_RANGE_LOOP_ANALYSIS = YES;
				CLANG_WARN_STRICT_PROTOTYPES = YES;
				CLANG_WARN_SUSPICIOUS_MOVE = YES;
				CLANG_WARN_UNGUARDED_AVAILABILITY = YES_AGGRESSIVE;
				CLANG_WARN_UNREACHABLE_CODE = YES;
				CLANG_WARN__DUPLICATE_METHOD_MATCH = YES;
				CODE_SIGN_IDENTITY = "-";
				COPY_PHASE_STRIP = NO;
				DEBUG_INFORMATION_FORMAT = "dwarf-with-dsym";
				ENABLE_NS_ASSERTIONS = NO;
				ENABLE_STRICT_OBJC_MSGSEND = YES;
				GCC_C_LANGUAGE_STANDARD = gnu11;
				GCC_NO_COMMON_BLOCKS = YES;
				GCC_WARN_64_TO_32_BIT_CONVERSION = YES;
				GCC_WARN_ABOUT_RETURN_TYPE = YES_ERROR;
				GCC_WARN_UNDECLARED_SELECTOR = YES;
				GCC_WARN_UNINITIALIZED_AUTOS = YES_AGGRESSIVE;
				GCC_WARN_UNUSED_FUNCTION = YES;
				GCC_WARN_UNUSED_VARIABLE = YES;
				MACOSX_DEPLOYMENT_TARGET = 10.14;
				MTL_ENABLE_DEBUG_INFO = NO;
				MTL_FAST_MATH = YES;
				ONLY_ACTIVE_ARCH = YES;
				OTHER_SWIFT_FLAGS = "";
				SDKROOT = macosx;
			};
			name = Release;
		};
		D7BEC81322B9158B00A8F48B /* Debug */ = {
			isa = XCBuildConfiguration;
			baseConfigurationReference = D791747F26F7C4E500935C9F /* build.xcconfig */;
			buildSettings = {
				BUILD_LIBRARY_FOR_DISTRIBUTION = NO;
				CLANG_ENABLE_MODULES = YES;
				CODE_SIGN_IDENTITY = "-";
				CODE_SIGN_STYLE = Manual;
				COMBINE_HIDPI_IMAGES = YES;
				DEVELOPMENT_TEAM = "";
				FRAMEWORK_SEARCH_PATHS = "";
				HEADER_SEARCH_PATHS = "$(inherited)";
				INFOPLIST_FILE = Info.plist;
				INSTALL_PATH = /Plugins;
				LD_RUNPATH_SEARCH_PATHS = (
					"$(inherited)",
					"@executable_path/../Frameworks",
					"@loader_path/../Frameworks",
				);
				MACOSX_DEPLOYMENT_TARGET = 11.0;
				OTHER_SWIFT_FLAGS = "$(inherited)";
				PRODUCT_BUNDLE_IDENTIFIER = com.scade.nimble.SwiftExtensions;
				PRODUCT_MODULE_NAME = SwiftExtensionsPlugin;
				PRODUCT_NAME = SwiftExtensions;
				PROVISIONING_PROFILE_SPECIFIER = "";
				SKIP_INSTALL = NO;
				SWIFT_OPTIMIZATION_LEVEL = "-Onone";
				SWIFT_VERSION = 5.0;
				WRAPPER_EXTENSION = plugin;
			};
			name = Debug;
		};
		D7BEC81422B9158B00A8F48B /* Release */ = {
			isa = XCBuildConfiguration;
			baseConfigurationReference = D791747F26F7C4E500935C9F /* build.xcconfig */;
			buildSettings = {
				BUILD_LIBRARY_FOR_DISTRIBUTION = NO;
				CLANG_ENABLE_MODULES = YES;
				CODE_SIGN_IDENTITY = "-";
				CODE_SIGN_STYLE = Manual;
				COMBINE_HIDPI_IMAGES = YES;
				DEVELOPMENT_TEAM = "";
				FRAMEWORK_SEARCH_PATHS = "";
				HEADER_SEARCH_PATHS = "$(inherited)";
				INFOPLIST_FILE = Info.plist;
				INSTALL_PATH = /Plugins;
				LD_RUNPATH_SEARCH_PATHS = (
					"$(inherited)",
					"@executable_path/../Frameworks",
					"@loader_path/../Frameworks",
				);
				MACOSX_DEPLOYMENT_TARGET = 11.0;
				ONLY_ACTIVE_ARCH = NO;
				OTHER_SWIFT_FLAGS = "$(inherited)";
				PRODUCT_BUNDLE_IDENTIFIER = com.scade.nimble.SwiftExtensions;
				PRODUCT_MODULE_NAME = SwiftExtensionsPlugin;
				PRODUCT_NAME = SwiftExtensions;
				PROVISIONING_PROFILE_SPECIFIER = "";
				SKIP_INSTALL = NO;
				SWIFT_VERSION = 5.0;
				WRAPPER_EXTENSION = plugin;
			};
			name = Release;
		};
/* End XCBuildConfiguration section */

/* Begin XCConfigurationList section */
		D7BEC80722B9158B00A8F48B /* Build configuration list for PBXProject "SwiftExtensions" */ = {
			isa = XCConfigurationList;
			buildConfigurations = (
				D7BEC81022B9158B00A8F48B /* Debug */,
				D7BEC81122B9158B00A8F48B /* Release */,
			);
			defaultConfigurationIsVisible = 0;
			defaultConfigurationName = Release;
		};
		D7BEC81222B9158B00A8F48B /* Build configuration list for PBXNativeTarget "SwiftExtensions.plugin" */ = {
			isa = XCConfigurationList;
			buildConfigurations = (
				D7BEC81322B9158B00A8F48B /* Debug */,
				D7BEC81422B9158B00A8F48B /* Release */,
			);
			defaultConfigurationIsVisible = 0;
			defaultConfigurationName = Release;
		};
/* End XCConfigurationList section */
	};
	rootObject = D7BEC80422B9158B00A8F48B /* Project object */;
}
